// !$*UTF8*$!
{
	archiveVersion = 1;
	classes = {
	};
	objectVersion = 56;
	objects = {

/* Begin PBXBuildFile section */
		F7E5C61B2A9C1D73000DA0B9 /* AppDelegate.swift in Sources */ = {isa = PBXBuildFile; fileRef = F7E5C61A2A9C1D73000DA0B9 /* AppDelegate.swift */; };
		F7E5C61D2A9C1D73000DA0B9 /* SceneDelegate.swift in Sources */ = {isa = PBXBuildFile; fileRef = F7E5C61C2A9C1D73000DA0B9 /* SceneDelegate.swift */; };
		F7E5C61F2A9C1D73000DA0B9 /* AddViewController.swift in Sources */ = {isa = PBXBuildFile; fileRef = F7E5C61E2A9C1D73000DA0B9 /* AddViewController.swift */; };
		F7E5C6242A9C1D74000DA0B9 /* Assets.xcassets in Resources */ = {isa = PBXBuildFile; fileRef = F7E5C6232A9C1D74000DA0B9 /* Assets.xcassets */; };
		F7E5C6272A9C1D74000DA0B9 /* LaunchScreen.storyboard in Resources */ = {isa = PBXBuildFile; fileRef = F7E5C6252A9C1D74000DA0B9 /* LaunchScreen.storyboard */; };
		F7E5C6302A9C1E19000DA0B9 /* SnapKit in Frameworks */ = {isa = PBXBuildFile; productRef = F7E5C62F2A9C1E19000DA0B9 /* SnapKit */; };
		F7E5C6332A9C2427000DA0B9 /* BaseViewController.swift in Sources */ = {isa = PBXBuildFile; fileRef = F7E5C6322A9C2427000DA0B9 /* BaseViewController.swift */; };
		F7E5C6362A9C2745000DA0B9 /* SearchViewController.swift in Sources */ = {isa = PBXBuildFile; fileRef = F7E5C6352A9C2745000DA0B9 /* SearchViewController.swift */; };
		F7E5C6382A9C2EB4000DA0B9 /* BaseView.swift in Sources */ = {isa = PBXBuildFile; fileRef = F7E5C6372A9C2EB4000DA0B9 /* BaseView.swift */; };
		F7E5C63B2A9C2FF2000DA0B9 /* AddView.swift in Sources */ = {isa = PBXBuildFile; fileRef = F7E5C63A2A9C2FF2000DA0B9 /* AddView.swift */; };
		F7E5C63D2A9C3370000DA0B9 /* SearchView.swift in Sources */ = {isa = PBXBuildFile; fileRef = F7E5C63C2A9C3370000DA0B9 /* SearchView.swift */; };
		F7E5C63F2A9C365C000DA0B9 /* BaseCollectionViewCell.swift in Sources */ = {isa = PBXBuildFile; fileRef = F7E5C63E2A9C365C000DA0B9 /* BaseCollectionViewCell.swift */; };
		F7E5C6412A9C37F5000DA0B9 /* SearchCollectionViewCell.swift in Sources */ = {isa = PBXBuildFile; fileRef = F7E5C6402A9C37F5000DA0B9 /* SearchCollectionViewCell.swift */; };
		F7E5C6542A9D7BD9000DA0B9 /* Notification+Extension.swift in Sources */ = {isa = PBXBuildFile; fileRef = F7E5C6532A9D7BD9000DA0B9 /* Notification+Extension.swift */; };
		F7E5C6562A9D7C79000DA0B9 /* DateView.swift in Sources */ = {isa = PBXBuildFile; fileRef = F7E5C6552A9D7C79000DA0B9 /* DateView.swift */; };
		F7E5C6582A9D7DB5000DA0B9 /* DateViewController.swift in Sources */ = {isa = PBXBuildFile; fileRef = F7E5C6572A9D7DB5000DA0B9 /* DateViewController.swift */; };
		F7E5C65A2A9D8E89000DA0B9 /* DateFormat+Extension.swift in Sources */ = {isa = PBXBuildFile; fileRef = F7E5C6592A9D8E89000DA0B9 /* DateFormat+Extension.swift */; };
		F7E5C68D2A9D9BBC000DA0B9 /* SeSACFramework.framework in Frameworks */ = {isa = PBXBuildFile; fileRef = F7E5C6892A9D9B37000DA0B9 /* SeSACFramework.framework */; };
		F7E5C68E2A9D9BBC000DA0B9 /* SeSACFramework.framework in Embed Frameworks */ = {isa = PBXBuildFile; fileRef = F7E5C6892A9D9B37000DA0B9 /* SeSACFramework.framework */; settings = {ATTRIBUTES = (CodeSignOnCopy, RemoveHeadersOnCopy, ); }; };
		F7E5C6912A9DB53B000DA0B9 /* TitleViewController.swift in Sources */ = {isa = PBXBuildFile; fileRef = F7E5C6902A9DB53B000DA0B9 /* TitleViewController.swift */; };
		F7E5C6932A9DC0D5000DA0B9 /* ContentViewController.swift in Sources */ = {isa = PBXBuildFile; fileRef = F7E5C6922A9DC0D5000DA0B9 /* ContentViewController.swift */; };
		F7E5C6952A9DC751000DA0B9 /* WebViewViewController.swift in Sources */ = {isa = PBXBuildFile; fileRef = F7E5C6942A9DC751000DA0B9 /* WebViewViewController.swift */; };
		F7E5C6AE2A9EC740000DA0B9 /* APIService.swift in Sources */ = {isa = PBXBuildFile; fileRef = F7E5C6AD2A9EC740000DA0B9 /* APIService.swift */; };
		F7E5C6B02A9EEBD7000DA0B9 /* URLSessionViewController.swift in Sources */ = {isa = PBXBuildFile; fileRef = F7E5C6AF2A9EEBD7000DA0B9 /* URLSessionViewController.swift */; };
		F7E5C6B32A9F3807000DA0B9 /* UnsplashImage.swift in Sources */ = {isa = PBXBuildFile; fileRef = F7E5C6B22A9F3807000DA0B9 /* UnsplashImage.swift */; };
		F7E5C6B52A9F3A04000DA0B9 /* .gitignore in Resources */ = {isa = PBXBuildFile; fileRef = F7E5C6B42A9F3A04000DA0B9 /* .gitignore */; };
		F7E5C6B72A9F3A74000DA0B9 /* APIKey.swift in Sources */ = {isa = PBXBuildFile; fileRef = F7E5C6B62A9F3A74000DA0B9 /* APIKey.swift */; };
		F7E5C6BA2A9F4B1D000DA0B9 /* Kingfisher in Frameworks */ = {isa = PBXBuildFile; productRef = F7E5C6B92A9F4B1D000DA0B9 /* Kingfisher */; };
		F7E5C6BD2AA01A6C000DA0B9 /* HomeViewController.swift in Sources */ = {isa = PBXBuildFile; fileRef = F7E5C6BC2AA01A6C000DA0B9 /* HomeViewController.swift */; };
		F7E5C6BF2AA01A71000DA0B9 /* HomeView.swift in Sources */ = {isa = PBXBuildFile; fileRef = F7E5C6BE2AA01A71000DA0B9 /* HomeView.swift */; };
/* End PBXBuildFile section */

/* Begin PBXContainerItemProxy section */
		F7E5C6882A9D9B37000DA0B9 /* PBXContainerItemProxy */ = {
			isa = PBXContainerItemProxy;
			containerPortal = F7E5C6832A9D9B37000DA0B9 /* SeSACFramework.xcodeproj */;
			proxyType = 2;
			remoteGlobalIDString = F7E5C6652A9D92AD000DA0B9;
			remoteInfo = SeSACFramework;
		};
		F7E5C68A2A9D9B37000DA0B9 /* PBXContainerItemProxy */ = {
			isa = PBXContainerItemProxy;
			containerPortal = F7E5C6832A9D9B37000DA0B9 /* SeSACFramework.xcodeproj */;
			proxyType = 2;
			remoteGlobalIDString = F7E5C66F2A9D92AD000DA0B9;
			remoteInfo = SeSACFrameworkTests;
		};
/* End PBXContainerItemProxy section */

/* Begin PBXCopyFilesBuildPhase section */
		F7E5C68F2A9D9BBC000DA0B9 /* Embed Frameworks */ = {
			isa = PBXCopyFilesBuildPhase;
			buildActionMask = 2147483647;
			dstPath = "";
			dstSubfolderSpec = 10;
			files = (
				F7E5C68E2A9D9BBC000DA0B9 /* SeSACFramework.framework in Embed Frameworks */,
			);
			name = "Embed Frameworks";
			runOnlyForDeploymentPostprocessing = 0;
		};
/* End PBXCopyFilesBuildPhase section */

/* Begin PBXFileReference section */
		F7E5C6172A9C1D73000DA0B9 /* SeSAC3Week7PhotoGram.app */ = {isa = PBXFileReference; explicitFileType = wrapper.application; includeInIndex = 0; path = SeSAC3Week7PhotoGram.app; sourceTree = BUILT_PRODUCTS_DIR; };
		F7E5C61A2A9C1D73000DA0B9 /* AppDelegate.swift */ = {isa = PBXFileReference; lastKnownFileType = sourcecode.swift; path = AppDelegate.swift; sourceTree = "<group>"; };
		F7E5C61C2A9C1D73000DA0B9 /* SceneDelegate.swift */ = {isa = PBXFileReference; lastKnownFileType = sourcecode.swift; path = SceneDelegate.swift; sourceTree = "<group>"; };
		F7E5C61E2A9C1D73000DA0B9 /* AddViewController.swift */ = {isa = PBXFileReference; lastKnownFileType = sourcecode.swift; path = AddViewController.swift; sourceTree = "<group>"; };
		F7E5C6232A9C1D74000DA0B9 /* Assets.xcassets */ = {isa = PBXFileReference; lastKnownFileType = folder.assetcatalog; path = Assets.xcassets; sourceTree = "<group>"; };
		F7E5C6262A9C1D74000DA0B9 /* Base */ = {isa = PBXFileReference; lastKnownFileType = file.storyboard; name = Base; path = Base.lproj/LaunchScreen.storyboard; sourceTree = "<group>"; };
		F7E5C6282A9C1D74000DA0B9 /* Info.plist */ = {isa = PBXFileReference; lastKnownFileType = text.plist.xml; path = Info.plist; sourceTree = "<group>"; };
		F7E5C6322A9C2427000DA0B9 /* BaseViewController.swift */ = {isa = PBXFileReference; lastKnownFileType = sourcecode.swift; path = BaseViewController.swift; sourceTree = "<group>"; };
		F7E5C6352A9C2745000DA0B9 /* SearchViewController.swift */ = {isa = PBXFileReference; lastKnownFileType = sourcecode.swift; path = SearchViewController.swift; sourceTree = "<group>"; };
		F7E5C6372A9C2EB4000DA0B9 /* BaseView.swift */ = {isa = PBXFileReference; lastKnownFileType = sourcecode.swift; path = BaseView.swift; sourceTree = "<group>"; };
		F7E5C63A2A9C2FF2000DA0B9 /* AddView.swift */ = {isa = PBXFileReference; lastKnownFileType = sourcecode.swift; path = AddView.swift; sourceTree = "<group>"; };
		F7E5C63C2A9C3370000DA0B9 /* SearchView.swift */ = {isa = PBXFileReference; lastKnownFileType = sourcecode.swift; path = SearchView.swift; sourceTree = "<group>"; };
		F7E5C63E2A9C365C000DA0B9 /* BaseCollectionViewCell.swift */ = {isa = PBXFileReference; lastKnownFileType = sourcecode.swift; path = BaseCollectionViewCell.swift; sourceTree = "<group>"; };
		F7E5C6402A9C37F5000DA0B9 /* SearchCollectionViewCell.swift */ = {isa = PBXFileReference; lastKnownFileType = sourcecode.swift; path = SearchCollectionViewCell.swift; sourceTree = "<group>"; };
		F7E5C6532A9D7BD9000DA0B9 /* Notification+Extension.swift */ = {isa = PBXFileReference; lastKnownFileType = sourcecode.swift; path = "Notification+Extension.swift"; sourceTree = "<group>"; };
		F7E5C6552A9D7C79000DA0B9 /* DateView.swift */ = {isa = PBXFileReference; lastKnownFileType = sourcecode.swift; path = DateView.swift; sourceTree = "<group>"; };
		F7E5C6572A9D7DB5000DA0B9 /* DateViewController.swift */ = {isa = PBXFileReference; lastKnownFileType = sourcecode.swift; path = DateViewController.swift; sourceTree = "<group>"; };
		F7E5C6592A9D8E89000DA0B9 /* DateFormat+Extension.swift */ = {isa = PBXFileReference; lastKnownFileType = sourcecode.swift; path = "DateFormat+Extension.swift"; sourceTree = "<group>"; };
		F7E5C6832A9D9B37000DA0B9 /* SeSACFramework.xcodeproj */ = {isa = PBXFileReference; lastKnownFileType = "wrapper.pb-project"; name = SeSACFramework.xcodeproj; path = ../SeSACFramework/SeSACFramework.xcodeproj; sourceTree = "<group>"; };
		F7E5C6902A9DB53B000DA0B9 /* TitleViewController.swift */ = {isa = PBXFileReference; lastKnownFileType = sourcecode.swift; path = TitleViewController.swift; sourceTree = "<group>"; };
		F7E5C6922A9DC0D5000DA0B9 /* ContentViewController.swift */ = {isa = PBXFileReference; lastKnownFileType = sourcecode.swift; path = ContentViewController.swift; sourceTree = "<group>"; };
		F7E5C6942A9DC751000DA0B9 /* WebViewViewController.swift */ = {isa = PBXFileReference; lastKnownFileType = sourcecode.swift; path = WebViewViewController.swift; sourceTree = "<group>"; };
		F7E5C6AD2A9EC740000DA0B9 /* APIService.swift */ = {isa = PBXFileReference; lastKnownFileType = sourcecode.swift; path = APIService.swift; sourceTree = "<group>"; };
		F7E5C6AF2A9EEBD7000DA0B9 /* URLSessionViewController.swift */ = {isa = PBXFileReference; lastKnownFileType = sourcecode.swift; path = URLSessionViewController.swift; sourceTree = "<group>"; };
		F7E5C6B22A9F3807000DA0B9 /* UnsplashImage.swift */ = {isa = PBXFileReference; lastKnownFileType = sourcecode.swift; path = UnsplashImage.swift; sourceTree = "<group>"; };
		F7E5C6B42A9F3A04000DA0B9 /* .gitignore */ = {isa = PBXFileReference; lastKnownFileType = text; path = .gitignore; sourceTree = "<group>"; };
		F7E5C6B62A9F3A74000DA0B9 /* APIKey.swift */ = {isa = PBXFileReference; lastKnownFileType = sourcecode.swift; path = APIKey.swift; sourceTree = "<group>"; };
		F7E5C6BC2AA01A6C000DA0B9 /* HomeViewController.swift */ = {isa = PBXFileReference; lastKnownFileType = sourcecode.swift; path = HomeViewController.swift; sourceTree = "<group>"; };
		F7E5C6BE2AA01A71000DA0B9 /* HomeView.swift */ = {isa = PBXFileReference; lastKnownFileType = sourcecode.swift; path = HomeView.swift; sourceTree = "<group>"; };
/* End PBXFileReference section */

/* Begin PBXFrameworksBuildPhase section */
		F7E5C6142A9C1D73000DA0B9 /* Frameworks */ = {
			isa = PBXFrameworksBuildPhase;
			buildActionMask = 2147483647;
			files = (
				F7E5C6BA2A9F4B1D000DA0B9 /* Kingfisher in Frameworks */,
				F7E5C6302A9C1E19000DA0B9 /* SnapKit in Frameworks */,
				F7E5C68D2A9D9BBC000DA0B9 /* SeSACFramework.framework in Frameworks */,
			);
			runOnlyForDeploymentPostprocessing = 0;
		};
/* End PBXFrameworksBuildPhase section */

/* Begin PBXGroup section */
		F7E5C60E2A9C1D73000DA0B9 = {
			isa = PBXGroup;
			children = (
				F7E5C6832A9D9B37000DA0B9 /* SeSACFramework.xcodeproj */,
				F7E5C6192A9C1D73000DA0B9 /* SeSAC3Week7PhotoGram */,
				F7E5C6182A9C1D73000DA0B9 /* Products */,
				F7E5C68C2A9D9BBC000DA0B9 /* Frameworks */,
			);
			sourceTree = "<group>";
		};
		F7E5C6182A9C1D73000DA0B9 /* Products */ = {
			isa = PBXGroup;
			children = (
				F7E5C6172A9C1D73000DA0B9 /* SeSAC3Week7PhotoGram.app */,
			);
			name = Products;
			sourceTree = "<group>";
		};
		F7E5C6192A9C1D73000DA0B9 /* SeSAC3Week7PhotoGram */ = {
			isa = PBXGroup;
			children = (
				F7E5C61A2A9C1D73000DA0B9 /* AppDelegate.swift */,
				F7E5C61C2A9C1D73000DA0B9 /* SceneDelegate.swift */,
				F7E5C6BB2AA01A5D000DA0B9 /* Home */,
				F7E5C6B12A9F37F4000DA0B9 /* Model */,
				F7E5C6AC2A9EC724000DA0B9 /* Network */,
				F7E5C6522A9D7BBD000DA0B9 /* Extension */,
				F7E5C6392A9C2FC3000DA0B9 /* Add */,
				F7E5C6342A9C2721000DA0B9 /* Search */,
				F7E5C6312A9C23E7000DA0B9 /* Base */,
				F7E5C6232A9C1D74000DA0B9 /* Assets.xcassets */,
				F7E5C6252A9C1D74000DA0B9 /* LaunchScreen.storyboard */,
				F7E5C6282A9C1D74000DA0B9 /* Info.plist */,
				F7E5C6942A9DC751000DA0B9 /* WebViewViewController.swift */,
				F7E5C6B42A9F3A04000DA0B9 /* .gitignore */,
			);
			path = SeSAC3Week7PhotoGram;
			sourceTree = "<group>";
		};
		F7E5C6312A9C23E7000DA0B9 /* Base */ = {
			isa = PBXGroup;
			children = (
				F7E5C6322A9C2427000DA0B9 /* BaseViewController.swift */,
				F7E5C6372A9C2EB4000DA0B9 /* BaseView.swift */,
				F7E5C63E2A9C365C000DA0B9 /* BaseCollectionViewCell.swift */,
			);
			path = Base;
			sourceTree = "<group>";
		};
		F7E5C6342A9C2721000DA0B9 /* Search */ = {
			isa = PBXGroup;
			children = (
				F7E5C6352A9C2745000DA0B9 /* SearchViewController.swift */,
				F7E5C63C2A9C3370000DA0B9 /* SearchView.swift */,
				F7E5C6402A9C37F5000DA0B9 /* SearchCollectionViewCell.swift */,
			);
			path = Search;
			sourceTree = "<group>";
		};
		F7E5C6392A9C2FC3000DA0B9 /* Add */ = {
			isa = PBXGroup;
			children = (
				F7E5C61E2A9C1D73000DA0B9 /* AddViewController.swift */,
				F7E5C63A2A9C2FF2000DA0B9 /* AddView.swift */,
				F7E5C6552A9D7C79000DA0B9 /* DateView.swift */,
				F7E5C6572A9D7DB5000DA0B9 /* DateViewController.swift */,
				F7E5C6902A9DB53B000DA0B9 /* TitleViewController.swift */,
				F7E5C6922A9DC0D5000DA0B9 /* ContentViewController.swift */,
			);
			path = Add;
			sourceTree = "<group>";
		};
		F7E5C6522A9D7BBD000DA0B9 /* Extension */ = {
			isa = PBXGroup;
			children = (
				F7E5C6532A9D7BD9000DA0B9 /* Notification+Extension.swift */,
				F7E5C6592A9D8E89000DA0B9 /* DateFormat+Extension.swift */,
			);
			path = Extension;
			sourceTree = "<group>";
		};
		F7E5C6842A9D9B37000DA0B9 /* Products */ = {
			isa = PBXGroup;
			children = (
				F7E5C6892A9D9B37000DA0B9 /* SeSACFramework.framework */,
				F7E5C68B2A9D9B37000DA0B9 /* SeSACFrameworkTests.xctest */,
			);
			name = Products;
			sourceTree = "<group>";
		};
		F7E5C68C2A9D9BBC000DA0B9 /* Frameworks */ = {
			isa = PBXGroup;
			children = (
			);
			name = Frameworks;
			sourceTree = "<group>";
		};
		F7E5C6AC2A9EC724000DA0B9 /* Network */ = {
			isa = PBXGroup;
			children = (
				F7E5C6B62A9F3A74000DA0B9 /* APIKey.swift */,
				F7E5C6AD2A9EC740000DA0B9 /* APIService.swift */,
				F7E5C6AF2A9EEBD7000DA0B9 /* URLSessionViewController.swift */,
			);
			path = Network;
			sourceTree = "<group>";
		};
		F7E5C6B12A9F37F4000DA0B9 /* Model */ = {
			isa = PBXGroup;
			children = (
				F7E5C6B22A9F3807000DA0B9 /* UnsplashImage.swift */,
			);
			path = Model;
			sourceTree = "<group>";
		};
		F7E5C6BB2AA01A5D000DA0B9 /* Home */ = {
			isa = PBXGroup;
			children = (
				F7E5C6BC2AA01A6C000DA0B9 /* HomeViewController.swift */,
				F7E5C6BE2AA01A71000DA0B9 /* HomeView.swift */,
			);
			path = Home;
			sourceTree = "<group>";
		};
/* End PBXGroup section */

/* Begin PBXNativeTarget section */
		F7E5C6162A9C1D73000DA0B9 /* SeSAC3Week7PhotoGram */ = {
			isa = PBXNativeTarget;
			buildConfigurationList = F7E5C62B2A9C1D74000DA0B9 /* Build configuration list for PBXNativeTarget "SeSAC3Week7PhotoGram" */;
			buildPhases = (
				F7E5C6132A9C1D73000DA0B9 /* Sources */,
				F7E5C6142A9C1D73000DA0B9 /* Frameworks */,
				F7E5C6152A9C1D73000DA0B9 /* Resources */,
				F7E5C68F2A9D9BBC000DA0B9 /* Embed Frameworks */,
			);
			buildRules = (
			);
			dependencies = (
			);
			name = SeSAC3Week7PhotoGram;
			packageProductDependencies = (
				F7E5C62F2A9C1E19000DA0B9 /* SnapKit */,
				F7E5C6B92A9F4B1D000DA0B9 /* Kingfisher */,
			);
			productName = SeSAC3Week7PhotoGram;
			productReference = F7E5C6172A9C1D73000DA0B9 /* SeSAC3Week7PhotoGram.app */;
			productType = "com.apple.product-type.application";
		};
/* End PBXNativeTarget section */

/* Begin PBXProject section */
		F7E5C60F2A9C1D73000DA0B9 /* Project object */ = {
			isa = PBXProject;
			attributes = {
				BuildIndependentTargetsInParallel = 1;
				LastSwiftUpdateCheck = 1430;
				LastUpgradeCheck = 1430;
				TargetAttributes = {
					F7E5C6162A9C1D73000DA0B9 = {
						CreatedOnToolsVersion = 14.3.1;
					};
				};
			};
			buildConfigurationList = F7E5C6122A9C1D73000DA0B9 /* Build configuration list for PBXProject "SeSAC3Week7PhotoGram" */;
			compatibilityVersion = "Xcode 14.0";
			developmentRegion = en;
			hasScannedForEncodings = 0;
			knownRegions = (
				en,
				Base,
			);
			mainGroup = F7E5C60E2A9C1D73000DA0B9;
			packageReferences = (
				F7E5C62E2A9C1E19000DA0B9 /* XCRemoteSwiftPackageReference "SnapKit" */,
				F7E5C6B82A9F4B1D000DA0B9 /* XCRemoteSwiftPackageReference "Kingfisher" */,
			);
			productRefGroup = F7E5C6182A9C1D73000DA0B9 /* Products */;
			projectDirPath = "";
			projectReferences = (
				{
					ProductGroup = F7E5C6842A9D9B37000DA0B9 /* Products */;
					ProjectRef = F7E5C6832A9D9B37000DA0B9 /* SeSACFramework.xcodeproj */;
				},
			);
			projectRoot = "";
			targets = (
				F7E5C6162A9C1D73000DA0B9 /* SeSAC3Week7PhotoGram */,
			);
		};
/* End PBXProject section */

/* Begin PBXReferenceProxy section */
		F7E5C6892A9D9B37000DA0B9 /* SeSACFramework.framework */ = {
			isa = PBXReferenceProxy;
			fileType = wrapper.framework;
			path = SeSACFramework.framework;
			remoteRef = F7E5C6882A9D9B37000DA0B9 /* PBXContainerItemProxy */;
			sourceTree = BUILT_PRODUCTS_DIR;
		};
		F7E5C68B2A9D9B37000DA0B9 /* SeSACFrameworkTests.xctest */ = {
			isa = PBXReferenceProxy;
			fileType = wrapper.cfbundle;
			path = SeSACFrameworkTests.xctest;
			remoteRef = F7E5C68A2A9D9B37000DA0B9 /* PBXContainerItemProxy */;
			sourceTree = BUILT_PRODUCTS_DIR;
		};
/* End PBXReferenceProxy section */

/* Begin PBXResourcesBuildPhase section */
		F7E5C6152A9C1D73000DA0B9 /* Resources */ = {
			isa = PBXResourcesBuildPhase;
			buildActionMask = 2147483647;
			files = (
				F7E5C6272A9C1D74000DA0B9 /* LaunchScreen.storyboard in Resources */,
				F7E5C6B52A9F3A04000DA0B9 /* .gitignore in Resources */,
				F7E5C6242A9C1D74000DA0B9 /* Assets.xcassets in Resources */,
			);
			runOnlyForDeploymentPostprocessing = 0;
		};
/* End PBXResourcesBuildPhase section */

/* Begin PBXSourcesBuildPhase section */
		F7E5C6132A9C1D73000DA0B9 /* Sources */ = {
			isa = PBXSourcesBuildPhase;
			buildActionMask = 2147483647;
			files = (
				F7E5C6932A9DC0D5000DA0B9 /* ContentViewController.swift in Sources */,
				F7E5C6B72A9F3A74000DA0B9 /* APIKey.swift in Sources */,
				F7E5C6542A9D7BD9000DA0B9 /* Notification+Extension.swift in Sources */,
				F7E5C63B2A9C2FF2000DA0B9 /* AddView.swift in Sources */,
				F7E5C6362A9C2745000DA0B9 /* SearchViewController.swift in Sources */,
				F7E5C6952A9DC751000DA0B9 /* WebViewViewController.swift in Sources */,
				F7E5C63F2A9C365C000DA0B9 /* BaseCollectionViewCell.swift in Sources */,
				F7E5C6BD2AA01A6C000DA0B9 /* HomeViewController.swift in Sources */,
				F7E5C65A2A9D8E89000DA0B9 /* DateFormat+Extension.swift in Sources */,
				F7E5C61F2A9C1D73000DA0B9 /* AddViewController.swift in Sources */,
				F7E5C6582A9D7DB5000DA0B9 /* DateViewController.swift in Sources */,
				F7E5C6412A9C37F5000DA0B9 /* SearchCollectionViewCell.swift in Sources */,
				F7E5C6B02A9EEBD7000DA0B9 /* URLSessionViewController.swift in Sources */,
				F7E5C6B32A9F3807000DA0B9 /* UnsplashImage.swift in Sources */,
				F7E5C6562A9D7C79000DA0B9 /* DateView.swift in Sources */,
				F7E5C6332A9C2427000DA0B9 /* BaseViewController.swift in Sources */,
				F7E5C63D2A9C3370000DA0B9 /* SearchView.swift in Sources */,
				F7E5C6382A9C2EB4000DA0B9 /* BaseView.swift in Sources */,
				F7E5C61B2A9C1D73000DA0B9 /* AppDelegate.swift in Sources */,
				F7E5C61D2A9C1D73000DA0B9 /* SceneDelegate.swift in Sources */,
				F7E5C6AE2A9EC740000DA0B9 /* APIService.swift in Sources */,
				F7E5C6BF2AA01A71000DA0B9 /* HomeView.swift in Sources */,
				F7E5C6912A9DB53B000DA0B9 /* TitleViewController.swift in Sources */,
			);
			runOnlyForDeploymentPostprocessing = 0;
		};
/* End PBXSourcesBuildPhase section */

/* Begin PBXVariantGroup section */
		F7E5C6252A9C1D74000DA0B9 /* LaunchScreen.storyboard */ = {
			isa = PBXVariantGroup;
			children = (
				F7E5C6262A9C1D74000DA0B9 /* Base */,
			);
			name = LaunchScreen.storyboard;
			sourceTree = "<group>";
		};
/* End PBXVariantGroup section */

/* Begin XCBuildConfiguration section */
		F7E5C6292A9C1D74000DA0B9 /* Debug */ = {
			isa = XCBuildConfiguration;
			buildSettings = {
				ALWAYS_SEARCH_USER_PATHS = NO;
				CLANG_ANALYZER_NONNULL = YES;
				CLANG_ANALYZER_NUMBER_OBJECT_CONVERSION = YES_AGGRESSIVE;
				CLANG_CXX_LANGUAGE_STANDARD = "gnu++20";
				CLANG_ENABLE_MODULES = YES;
				CLANG_ENABLE_OBJC_ARC = YES;
				CLANG_ENABLE_OBJC_WEAK = YES;
				CLANG_WARN_BLOCK_CAPTURE_AUTORELEASING = YES;
				CLANG_WARN_BOOL_CONVERSION = YES;
				CLANG_WARN_COMMA = YES;
				CLANG_WARN_CONSTANT_CONVERSION = YES;
				CLANG_WARN_DEPRECATED_OBJC_IMPLEMENTATIONS = YES;
				CLANG_WARN_DIRECT_OBJC_ISA_USAGE = YES_ERROR;
				CLANG_WARN_DOCUMENTATION_COMMENTS = YES;
				CLANG_WARN_EMPTY_BODY = YES;
				CLANG_WARN_ENUM_CONVERSION = YES;
				CLANG_WARN_INFINITE_RECURSION = YES;
				CLANG_WARN_INT_CONVERSION = YES;
				CLANG_WARN_NON_LITERAL_NULL_CONVERSION = YES;
				CLANG_WARN_OBJC_IMPLICIT_RETAIN_SELF = YES;
				CLANG_WARN_OBJC_LITERAL_CONVERSION = YES;
				CLANG_WARN_OBJC_ROOT_CLASS = YES_ERROR;
				CLANG_WARN_QUOTED_INCLUDE_IN_FRAMEWORK_HEADER = YES;
				CLANG_WARN_RANGE_LOOP_ANALYSIS = YES;
				CLANG_WARN_STRICT_PROTOTYPES = YES;
				CLANG_WARN_SUSPICIOUS_MOVE = YES;
				CLANG_WARN_UNGUARDED_AVAILABILITY = YES_AGGRESSIVE;
				CLANG_WARN_UNREACHABLE_CODE = YES;
				CLANG_WARN__DUPLICATE_METHOD_MATCH = YES;
				COPY_PHASE_STRIP = NO;
				DEBUG_INFORMATION_FORMAT = dwarf;
				ENABLE_STRICT_OBJC_MSGSEND = YES;
				ENABLE_TESTABILITY = YES;
				GCC_C_LANGUAGE_STANDARD = gnu11;
				GCC_DYNAMIC_NO_PIC = NO;
				GCC_NO_COMMON_BLOCKS = YES;
				GCC_OPTIMIZATION_LEVEL = 0;
				GCC_PREPROCESSOR_DEFINITIONS = (
					"DEBUG=1",
					"$(inherited)",
				);
				GCC_WARN_64_TO_32_BIT_CONVERSION = YES;
				GCC_WARN_ABOUT_RETURN_TYPE = YES_ERROR;
				GCC_WARN_UNDECLARED_SELECTOR = YES;
				GCC_WARN_UNINITIALIZED_AUTOS = YES_AGGRESSIVE;
				GCC_WARN_UNUSED_FUNCTION = YES;
				GCC_WARN_UNUSED_VARIABLE = YES;
				IPHONEOS_DEPLOYMENT_TARGET = 16.4;
				MTL_ENABLE_DEBUG_INFO = INCLUDE_SOURCE;
				MTL_FAST_MATH = YES;
				ONLY_ACTIVE_ARCH = YES;
				SDKROOT = iphoneos;
				SWIFT_ACTIVE_COMPILATION_CONDITIONS = DEBUG;
				SWIFT_OPTIMIZATION_LEVEL = "-Onone";
			};
			name = Debug;
		};
		F7E5C62A2A9C1D74000DA0B9 /* Release */ = {
			isa = XCBuildConfiguration;
			buildSettings = {
				ALWAYS_SEARCH_USER_PATHS = NO;
				CLANG_ANALYZER_NONNULL = YES;
				CLANG_ANALYZER_NUMBER_OBJECT_CONVERSION = YES_AGGRESSIVE;
				CLANG_CXX_LANGUAGE_STANDARD = "gnu++20";
				CLANG_ENABLE_MODULES = YES;
				CLANG_ENABLE_OBJC_ARC = YES;
				CLANG_ENABLE_OBJC_WEAK = YES;
				CLANG_WARN_BLOCK_CAPTURE_AUTORELEASING = YES;
				CLANG_WARN_BOOL_CONVERSION = YES;
				CLANG_WARN_COMMA = YES;
				CLANG_WARN_CONSTANT_CONVERSION = YES;
				CLANG_WARN_DEPRECATED_OBJC_IMPLEMENTATIONS = YES;
				CLANG_WARN_DIRECT_OBJC_ISA_USAGE = YES_ERROR;
				CLANG_WARN_DOCUMENTATION_COMMENTS = YES;
				CLANG_WARN_EMPTY_BODY = YES;
				CLANG_WARN_ENUM_CONVERSION = YES;
				CLANG_WARN_INFINITE_RECURSION = YES;
				CLANG_WARN_INT_CONVERSION = YES;
				CLANG_WARN_NON_LITERAL_NULL_CONVERSION = YES;
				CLANG_WARN_OBJC_IMPLICIT_RETAIN_SELF = YES;
				CLANG_WARN_OBJC_LITERAL_CONVERSION = YES;
				CLANG_WARN_OBJC_ROOT_CLASS = YES_ERROR;
				CLANG_WARN_QUOTED_INCLUDE_IN_FRAMEWORK_HEADER = YES;
				CLANG_WARN_RANGE_LOOP_ANALYSIS = YES;
				CLANG_WARN_STRICT_PROTOTYPES = YES;
				CLANG_WARN_SUSPICIOUS_MOVE = YES;
				CLANG_WARN_UNGUARDED_AVAILABILITY = YES_AGGRESSIVE;
				CLANG_WARN_UNREACHABLE_CODE = YES;
				CLANG_WARN__DUPLICATE_METHOD_MATCH = YES;
				COPY_PHASE_STRIP = NO;
				DEBUG_INFORMATION_FORMAT = "dwarf-with-dsym";
				ENABLE_NS_ASSERTIONS = NO;
				ENABLE_STRICT_OBJC_MSGSEND = YES;
				GCC_C_LANGUAGE_STANDARD = gnu11;
				GCC_NO_COMMON_BLOCKS = YES;
				GCC_WARN_64_TO_32_BIT_CONVERSION = YES;
				GCC_WARN_ABOUT_RETURN_TYPE = YES_ERROR;
				GCC_WARN_UNDECLARED_SELECTOR = YES;
				GCC_WARN_UNINITIALIZED_AUTOS = YES_AGGRESSIVE;
				GCC_WARN_UNUSED_FUNCTION = YES;
				GCC_WARN_UNUSED_VARIABLE = YES;
				IPHONEOS_DEPLOYMENT_TARGET = 16.4;
				MTL_ENABLE_DEBUG_INFO = NO;
				MTL_FAST_MATH = YES;
				SDKROOT = iphoneos;
				SWIFT_COMPILATION_MODE = wholemodule;
				SWIFT_OPTIMIZATION_LEVEL = "-O";
				VALIDATE_PRODUCT = YES;
			};
			name = Release;
		};
		F7E5C62C2A9C1D74000DA0B9 /* Debug */ = {
			isa = XCBuildConfiguration;
			buildSettings = {
				ASSETCATALOG_COMPILER_APPICON_NAME = AppIcon;
				ASSETCATALOG_COMPILER_GLOBAL_ACCENT_COLOR_NAME = AccentColor;
				CODE_SIGN_STYLE = Automatic;
				CURRENT_PROJECT_VERSION = 1;
				DEVELOPMENT_TEAM = 2K3Y93YF8Z;
				GENERATE_INFOPLIST_FILE = YES;
				INFOPLIST_FILE = SeSAC3Week7PhotoGram/Info.plist;
				INFOPLIST_KEY_UIApplicationSupportsIndirectInputEvents = YES;
				INFOPLIST_KEY_UILaunchStoryboardName = LaunchScreen;
				INFOPLIST_KEY_UISupportedInterfaceOrientations = UIInterfaceOrientationPortrait;
				INFOPLIST_KEY_UISupportedInterfaceOrientations_iPad = "UIInterfaceOrientationLandscapeLeft UIInterfaceOrientationLandscapeRight UIInterfaceOrientationPortrait UIInterfaceOrientationPortraitUpsideDown";
				IPHONEOS_DEPLOYMENT_TARGET = 16.4;
				LD_RUNPATH_SEARCH_PATHS = (
					"$(inherited)",
					"@executable_path/Frameworks",
				);
				MARKETING_VERSION = 1.0;
				PRODUCT_BUNDLE_IDENTIFIER = com.sesac.SeSAC3Week7PhotoGram;
				PRODUCT_NAME = "$(TARGET_NAME)";
				SUPPORTED_PLATFORMS = "iphoneos iphonesimulator";
				SUPPORTS_MACCATALYST = NO;
				SUPPORTS_MAC_DESIGNED_FOR_IPHONE_IPAD = NO;
				SWIFT_EMIT_LOC_STRINGS = YES;
				SWIFT_VERSION = 5.0;
				TARGETED_DEVICE_FAMILY = 1;
			};
			name = Debug;
		};
		F7E5C62D2A9C1D74000DA0B9 /* Release */ = {
			isa = XCBuildConfiguration;
			buildSettings = {
				ASSETCATALOG_COMPILER_APPICON_NAME = AppIcon;
				ASSETCATALOG_COMPILER_GLOBAL_ACCENT_COLOR_NAME = AccentColor;
				CODE_SIGN_STYLE = Automatic;
				CURRENT_PROJECT_VERSION = 1;
				DEVELOPMENT_TEAM = 2K3Y93YF8Z;
				GENERATE_INFOPLIST_FILE = YES;
				INFOPLIST_FILE = SeSAC3Week7PhotoGram/Info.plist;
				INFOPLIST_KEY_UIApplicationSupportsIndirectInputEvents = YES;
				INFOPLIST_KEY_UILaunchStoryboardName = LaunchScreen;
				INFOPLIST_KEY_UISupportedInterfaceOrientations = UIInterfaceOrientationPortrait;
				INFOPLIST_KEY_UISupportedInterfaceOrientations_iPad = "UIInterfaceOrientationLandscapeLeft UIInterfaceOrientationLandscapeRight UIInterfaceOrientationPortrait UIInterfaceOrientationPortraitUpsideDown";
				IPHONEOS_DEPLOYMENT_TARGET = 16.4;
				LD_RUNPATH_SEARCH_PATHS = (
					"$(inherited)",
					"@executable_path/Frameworks",
				);
				MARKETING_VERSION = 1.0;
				PRODUCT_BUNDLE_IDENTIFIER = com.sesac.SeSAC3Week7PhotoGram;
				PRODUCT_NAME = "$(TARGET_NAME)";
				SUPPORTED_PLATFORMS = "iphoneos iphonesimulator";
				SUPPORTS_MACCATALYST = NO;
				SUPPORTS_MAC_DESIGNED_FOR_IPHONE_IPAD = NO;
				SWIFT_EMIT_LOC_STRINGS = YES;
				SWIFT_VERSION = 5.0;
				TARGETED_DEVICE_FAMILY = 1;
			};
			name = Release;
		};
/* End XCBuildConfiguration section */

/* Begin XCConfigurationList section */
		F7E5C6122A9C1D73000DA0B9 /* Build configuration list for PBXProject "SeSAC3Week7PhotoGram" */ = {
			isa = XCConfigurationList;
			buildConfigurations = (
				F7E5C6292A9C1D74000DA0B9 /* Debug */,
				F7E5C62A2A9C1D74000DA0B9 /* Release */,
			);
			defaultConfigurationIsVisible = 0;
			defaultConfigurationName = Release;
		};
		F7E5C62B2A9C1D74000DA0B9 /* Build configuration list for PBXNativeTarget "SeSAC3Week7PhotoGram" */ = {
			isa = XCConfigurationList;
			buildConfigurations = (
				F7E5C62C2A9C1D74000DA0B9 /* Debug */,
				F7E5C62D2A9C1D74000DA0B9 /* Release */,
			);
			defaultConfigurationIsVisible = 0;
			defaultConfigurationName = Release;
		};
/* End XCConfigurationList section */

/* Begin XCRemoteSwiftPackageReference section */
		F7E5C62E2A9C1E19000DA0B9 /* XCRemoteSwiftPackageReference "SnapKit" */ = {
			isa = XCRemoteSwiftPackageReference;
			repositoryURL = "https://github.com/SnapKit/SnapKit.git";
			requirement = {
				kind = upToNextMajorVersion;
				minimumVersion = 5.0.0;
			};
		};
		F7E5C6B82A9F4B1D000DA0B9 /* XCRemoteSwiftPackageReference "Kingfisher" */ = {
			isa = XCRemoteSwiftPackageReference;
			repositoryURL = "https://github.com/onevcat/Kingfisher.git";
			requirement = {
				kind = upToNextMajorVersion;
				minimumVersion = 7.0.0;
			};
		};
/* End XCRemoteSwiftPackageReference section */

/* Begin XCSwiftPackageProductDependency section */
		F7E5C62F2A9C1E19000DA0B9 /* SnapKit */ = {
			isa = XCSwiftPackageProductDependency;
			package = F7E5C62E2A9C1E19000DA0B9 /* XCRemoteSwiftPackageReference "SnapKit" */;
			productName = SnapKit;
		};
		F7E5C6B92A9F4B1D000DA0B9 /* Kingfisher */ = {
			isa = XCSwiftPackageProductDependency;
			package = F7E5C6B82A9F4B1D000DA0B9 /* XCRemoteSwiftPackageReference "Kingfisher" */;
			productName = Kingfisher;
		};
/* End XCSwiftPackageProductDependency section */
	};
	rootObject = F7E5C60F2A9C1D73000DA0B9 /* Project object */;
}
