// !$*UTF8*$!
{
	archiveVersion = 1;
	classes = {
	};
	objectVersion = 56;
	objects = {

/* Begin PBXBuildFile section */
		F709597D2AF913ED00F0218B /* AppDelegate.swift in Sources */ = {isa = PBXBuildFile; fileRef = F709597C2AF913ED00F0218B /* AppDelegate.swift */; };
		F709597F2AF913ED00F0218B /* SceneDelegate.swift in Sources */ = {isa = PBXBuildFile; fileRef = F709597E2AF913ED00F0218B /* SceneDelegate.swift */; };
		F70959812AF913ED00F0218B /* SearchViewController.swift in Sources */ = {isa = PBXBuildFile; fileRef = F70959802AF913ED00F0218B /* SearchViewController.swift */; };
		F70959842AF913ED00F0218B /* Main.storyboard in Resources */ = {isa = PBXBuildFile; fileRef = F70959822AF913ED00F0218B /* Main.storyboard */; };
		F70959862AF913EE00F0218B /* Assets.xcassets in Resources */ = {isa = PBXBuildFile; fileRef = F70959852AF913EE00F0218B /* Assets.xcassets */; };
		F70959892AF913EE00F0218B /* LaunchScreen.storyboard in Resources */ = {isa = PBXBuildFile; fileRef = F70959872AF913EE00F0218B /* LaunchScreen.storyboard */; };
		F70959932AF914D700F0218B /* BasicAPIManager.swift in Sources */ = {isa = PBXBuildFile; fileRef = F70959922AF914D700F0218B /* BasicAPIManager.swift */; };
		F70959962AF914FB00F0218B /* SnapKit in Frameworks */ = {isa = PBXBuildFile; productRef = F70959952AF914FB00F0218B /* SnapKit */; };
		F70959992AF9154400F0218B /* RxCocoa in Frameworks */ = {isa = PBXBuildFile; productRef = F70959982AF9154400F0218B /* RxCocoa */; };
		F709599B2AF9154400F0218B /* RxSwift in Frameworks */ = {isa = PBXBuildFile; productRef = F709599A2AF9154400F0218B /* RxSwift */; };
		F709599D2AF9155C00F0218B /* SearchAppModel.swift in Sources */ = {isa = PBXBuildFile; fileRef = F709599C2AF9155C00F0218B /* SearchAppModel.swift */; };
		F709599F2AF9180B00F0218B /* SearchTableViewCell.swift in Sources */ = {isa = PBXBuildFile; fileRef = F709599E2AF9180B00F0218B /* SearchTableViewCell.swift */; };
		F70959A12AF918A600F0218B /* SearchDetailViewController.swift in Sources */ = {isa = PBXBuildFile; fileRef = F70959A02AF918A600F0218B /* SearchDetailViewController.swift */; };
		F70959A52AF9196000F0218B /* SearchViewModel.swift in Sources */ = {isa = PBXBuildFile; fileRef = F70959A42AF9196000F0218B /* SearchViewModel.swift */; };
		F70959A82AF91B8900F0218B /* Kingfisher in Frameworks */ = {isa = PBXBuildFile; productRef = F70959A72AF91B8900F0218B /* Kingfisher */; };
		F70959B02AFA8E6600F0218B /* SecondViewController.swift in Sources */ = {isa = PBXBuildFile; fileRef = F70959AF2AFA8E6600F0218B /* SecondViewController.swift */; };
		F70959B22AFA8E7800F0218B /* ThirdViewController.swift in Sources */ = {isa = PBXBuildFile; fileRef = F70959B12AFA8E7800F0218B /* ThirdViewController.swift */; };
		F70959B42AFA8E9800F0218B /* FourthViewController.swift in Sources */ = {isa = PBXBuildFile; fileRef = F70959B32AFA8E9800F0218B /* FourthViewController.swift */; };
		F70959B62AFA8EB700F0218B /* FirstViewController.swift in Sources */ = {isa = PBXBuildFile; fileRef = F70959B52AFA8EB700F0218B /* FirstViewController.swift */; };
		F70959C22AFBAC9F00F0218B /* AppScreenshotImageView.swift in Sources */ = {isa = PBXBuildFile; fileRef = F70959C12AFBAC9F00F0218B /* AppScreenshotImageView.swift */; };
		F70959C42AFBB01200F0218B /* SearchDetailViewModel.swift in Sources */ = {isa = PBXBuildFile; fileRef = F70959C32AFBB01200F0218B /* SearchDetailViewModel.swift */; };
		F70959D32AFCEC2800F0218B /* SearchDetailScreenshotCollectionViewCell.swift in Sources */ = {isa = PBXBuildFile; fileRef = F70959D22AFCEC2800F0218B /* SearchDetailScreenshotCollectionViewCell.swift */; };
/* End PBXBuildFile section */

/* Begin PBXFileReference section */
		F70959792AF913ED00F0218B /* RxSwiftItunesAppStore.app */ = {isa = PBXFileReference; explicitFileType = wrapper.application; includeInIndex = 0; path = RxSwiftItunesAppStore.app; sourceTree = BUILT_PRODUCTS_DIR; };
		F709597C2AF913ED00F0218B /* AppDelegate.swift */ = {isa = PBXFileReference; lastKnownFileType = sourcecode.swift; path = AppDelegate.swift; sourceTree = "<group>"; };
		F709597E2AF913ED00F0218B /* SceneDelegate.swift */ = {isa = PBXFileReference; lastKnownFileType = sourcecode.swift; path = SceneDelegate.swift; sourceTree = "<group>"; };
		F70959802AF913ED00F0218B /* SearchViewController.swift */ = {isa = PBXFileReference; lastKnownFileType = sourcecode.swift; path = SearchViewController.swift; sourceTree = "<group>"; };
		F70959832AF913ED00F0218B /* Base */ = {isa = PBXFileReference; lastKnownFileType = file.storyboard; name = Base; path = Base.lproj/Main.storyboard; sourceTree = "<group>"; };
		F70959852AF913EE00F0218B /* Assets.xcassets */ = {isa = PBXFileReference; lastKnownFileType = folder.assetcatalog; path = Assets.xcassets; sourceTree = "<group>"; };
		F70959882AF913EE00F0218B /* Base */ = {isa = PBXFileReference; lastKnownFileType = file.storyboard; name = Base; path = Base.lproj/LaunchScreen.storyboard; sourceTree = "<group>"; };
		F709598A2AF913EE00F0218B /* Info.plist */ = {isa = PBXFileReference; lastKnownFileType = text.plist.xml; path = Info.plist; sourceTree = "<group>"; };
		F70959922AF914D700F0218B /* BasicAPIManager.swift */ = {isa = PBXFileReference; lastKnownFileType = sourcecode.swift; path = BasicAPIManager.swift; sourceTree = "<group>"; };
		F709599C2AF9155C00F0218B /* SearchAppModel.swift */ = {isa = PBXFileReference; lastKnownFileType = sourcecode.swift; path = SearchAppModel.swift; sourceTree = "<group>"; };
		F709599E2AF9180B00F0218B /* SearchTableViewCell.swift */ = {isa = PBXFileReference; lastKnownFileType = sourcecode.swift; path = SearchTableViewCell.swift; sourceTree = "<group>"; };
		F70959A02AF918A600F0218B /* SearchDetailViewController.swift */ = {isa = PBXFileReference; lastKnownFileType = sourcecode.swift; path = SearchDetailViewController.swift; sourceTree = "<group>"; };
		F70959A42AF9196000F0218B /* SearchViewModel.swift */ = {isa = PBXFileReference; lastKnownFileType = sourcecode.swift; path = SearchViewModel.swift; sourceTree = "<group>"; };
		F70959AF2AFA8E6600F0218B /* SecondViewController.swift */ = {isa = PBXFileReference; lastKnownFileType = sourcecode.swift; path = SecondViewController.swift; sourceTree = "<group>"; };
		F70959B12AFA8E7800F0218B /* ThirdViewController.swift */ = {isa = PBXFileReference; lastKnownFileType = sourcecode.swift; path = ThirdViewController.swift; sourceTree = "<group>"; };
		F70959B32AFA8E9800F0218B /* FourthViewController.swift */ = {isa = PBXFileReference; lastKnownFileType = sourcecode.swift; path = FourthViewController.swift; sourceTree = "<group>"; };
		F70959B52AFA8EB700F0218B /* FirstViewController.swift */ = {isa = PBXFileReference; lastKnownFileType = sourcecode.swift; path = FirstViewController.swift; sourceTree = "<group>"; };
		F70959C12AFBAC9F00F0218B /* AppScreenshotImageView.swift */ = {isa = PBXFileReference; lastKnownFileType = sourcecode.swift; path = AppScreenshotImageView.swift; sourceTree = "<group>"; };
		F70959C32AFBB01200F0218B /* SearchDetailViewModel.swift */ = {isa = PBXFileReference; lastKnownFileType = sourcecode.swift; path = SearchDetailViewModel.swift; sourceTree = "<group>"; };
		F70959D22AFCEC2800F0218B /* SearchDetailScreenshotCollectionViewCell.swift */ = {isa = PBXFileReference; lastKnownFileType = sourcecode.swift; path = SearchDetailScreenshotCollectionViewCell.swift; sourceTree = "<group>"; };
/* End PBXFileReference section */

/* Begin PBXFrameworksBuildPhase section */
		F70959762AF913ED00F0218B /* Frameworks */ = {
			isa = PBXFrameworksBuildPhase;
			buildActionMask = 2147483647;
			files = (
				F70959A82AF91B8900F0218B /* Kingfisher in Frameworks */,
				F709599B2AF9154400F0218B /* RxSwift in Frameworks */,
				F70959992AF9154400F0218B /* RxCocoa in Frameworks */,
				F70959962AF914FB00F0218B /* SnapKit in Frameworks */,
			);
			runOnlyForDeploymentPostprocessing = 0;
		};
/* End PBXFrameworksBuildPhase section */

/* Begin PBXGroup section */
		F70959702AF913ED00F0218B = {
			isa = PBXGroup;
			children = (
				F709597B2AF913ED00F0218B /* RxSwiftItunesAppStore */,
				F709597A2AF913ED00F0218B /* Products */,
			);
			sourceTree = "<group>";
		};
		F709597A2AF913ED00F0218B /* Products */ = {
			isa = PBXGroup;
			children = (
				F70959792AF913ED00F0218B /* RxSwiftItunesAppStore.app */,
			);
			name = Products;
			sourceTree = "<group>";
		};
		F709597B2AF913ED00F0218B /* RxSwiftItunesAppStore */ = {
			isa = PBXGroup;
			children = (
				F709597C2AF913ED00F0218B /* AppDelegate.swift */,
				F709597E2AF913ED00F0218B /* SceneDelegate.swift */,
				F70959C02AFBAC8800F0218B /* CustomView */,
				F70959912AF9143100F0218B /* Network */,
				F70959902AF9142800F0218B /* Search */,
				F70959822AF913ED00F0218B /* Main.storyboard */,
				F70959852AF913EE00F0218B /* Assets.xcassets */,
				F70959872AF913EE00F0218B /* LaunchScreen.storyboard */,
				F709598A2AF913EE00F0218B /* Info.plist */,
			);
			path = RxSwiftItunesAppStore;
			sourceTree = "<group>";
		};
		F70959902AF9142800F0218B /* Search */ = {
			isa = PBXGroup;
			children = (
				F70959A32AF9194C00F0218B /* Detail */,
				F70959A22AF9194600F0218B /* Main */,
				F70959AF2AFA8E6600F0218B /* SecondViewController.swift */,
				F70959B12AFA8E7800F0218B /* ThirdViewController.swift */,
				F70959B32AFA8E9800F0218B /* FourthViewController.swift */,
				F70959B52AFA8EB700F0218B /* FirstViewController.swift */,
			);
			path = Search;
			sourceTree = "<group>";
		};
		F70959912AF9143100F0218B /* Network */ = {
			isa = PBXGroup;
			children = (
				F70959922AF914D700F0218B /* BasicAPIManager.swift */,
				F709599C2AF9155C00F0218B /* SearchAppModel.swift */,
				F70959C12AFBAC9F00F0218B /* AppScreenshotImageView.swift */,
			);
			path = Network;
			sourceTree = "<group>";
		};
		F70959A22AF9194600F0218B /* Main */ = {
			isa = PBXGroup;
			children = (
				F70959802AF913ED00F0218B /* SearchViewController.swift */,
				F709599E2AF9180B00F0218B /* SearchTableViewCell.swift */,
				F70959A42AF9196000F0218B /* SearchViewModel.swift */,
			);
			path = Main;
			sourceTree = "<group>";
		};
		F70959A32AF9194C00F0218B /* Detail */ = {
			isa = PBXGroup;
			children = (
				F70959A02AF918A600F0218B /* SearchDetailViewController.swift */,
				F70959C32AFBB01200F0218B /* SearchDetailViewModel.swift */,
				F70959D22AFCEC2800F0218B /* SearchDetailScreenshotCollectionViewCell.swift */,
			);
			path = Detail;
			sourceTree = "<group>";
		};
		F70959C02AFBAC8800F0218B /* CustomView */ = {
			isa = PBXGroup;
			children = (
			);
			path = CustomView;
			sourceTree = "<group>";
		};
/* End PBXGroup section */

/* Begin PBXNativeTarget section */
		F70959782AF913ED00F0218B /* RxSwiftItunesAppStore */ = {
			isa = PBXNativeTarget;
			buildConfigurationList = F709598D2AF913EE00F0218B /* Build configuration list for PBXNativeTarget "RxSwiftItunesAppStore" */;
			buildPhases = (
				F70959752AF913ED00F0218B /* Sources */,
				F70959762AF913ED00F0218B /* Frameworks */,
				F70959772AF913ED00F0218B /* Resources */,
			);
			buildRules = (
			);
			dependencies = (
			);
			name = RxSwiftItunesAppStore;
			packageProductDependencies = (
				F70959952AF914FB00F0218B /* SnapKit */,
				F70959982AF9154400F0218B /* RxCocoa */,
				F709599A2AF9154400F0218B /* RxSwift */,
				F70959A72AF91B8900F0218B /* Kingfisher */,
			);
			productName = RxSwiftItunesAppStore;
			productReference = F70959792AF913ED00F0218B /* RxSwiftItunesAppStore.app */;
			productType = "com.apple.product-type.application";
		};
/* End PBXNativeTarget section */

/* Begin PBXProject section */
		F70959712AF913ED00F0218B /* Project object */ = {
			isa = PBXProject;
			attributes = {
				BuildIndependentTargetsInParallel = 1;
				LastSwiftUpdateCheck = 1500;
				LastUpgradeCheck = 1500;
				TargetAttributes = {
					F70959782AF913ED00F0218B = {
						CreatedOnToolsVersion = 15.0.1;
					};
				};
			};
			buildConfigurationList = F70959742AF913ED00F0218B /* Build configuration list for PBXProject "RxSwiftItunesAppStore" */;
			compatibilityVersion = "Xcode 14.0";
			developmentRegion = en;
			hasScannedForEncodings = 0;
			knownRegions = (
				en,
				Base,
			);
			mainGroup = F70959702AF913ED00F0218B;
			packageReferences = (
				F70959942AF914FB00F0218B /* XCRemoteSwiftPackageReference "SnapKit" */,
				F70959972AF9154400F0218B /* XCRemoteSwiftPackageReference "RxSwift" */,
				F70959A62AF91B8900F0218B /* XCRemoteSwiftPackageReference "Kingfisher" */,
			);
			productRefGroup = F709597A2AF913ED00F0218B /* Products */;
			projectDirPath = "";
			projectRoot = "";
			targets = (
				F70959782AF913ED00F0218B /* RxSwiftItunesAppStore */,
			);
		};
/* End PBXProject section */

/* Begin PBXResourcesBuildPhase section */
		F70959772AF913ED00F0218B /* Resources */ = {
			isa = PBXResourcesBuildPhase;
			buildActionMask = 2147483647;
			files = (
				F70959892AF913EE00F0218B /* LaunchScreen.storyboard in Resources */,
				F70959862AF913EE00F0218B /* Assets.xcassets in Resources */,
				F70959842AF913ED00F0218B /* Main.storyboard in Resources */,
			);
			runOnlyForDeploymentPostprocessing = 0;
		};
/* End PBXResourcesBuildPhase section */

/* Begin PBXSourcesBuildPhase section */
		F70959752AF913ED00F0218B /* Sources */ = {
			isa = PBXSourcesBuildPhase;
			buildActionMask = 2147483647;
			files = (
				F70959A12AF918A600F0218B /* SearchDetailViewController.swift in Sources */,
				F70959812AF913ED00F0218B /* SearchViewController.swift in Sources */,
				F70959B42AFA8E9800F0218B /* FourthViewController.swift in Sources */,
				F70959C22AFBAC9F00F0218B /* AppScreenshotImageView.swift in Sources */,
				F70959B62AFA8EB700F0218B /* FirstViewController.swift in Sources */,
				F70959D32AFCEC2800F0218B /* SearchDetailScreenshotCollectionViewCell.swift in Sources */,
				F70959B22AFA8E7800F0218B /* ThirdViewController.swift in Sources */,
				F70959A52AF9196000F0218B /* SearchViewModel.swift in Sources */,
				F70959B02AFA8E6600F0218B /* SecondViewController.swift in Sources */,
				F709597D2AF913ED00F0218B /* AppDelegate.swift in Sources */,
				F70959C42AFBB01200F0218B /* SearchDetailViewModel.swift in Sources */,
				F709597F2AF913ED00F0218B /* SceneDelegate.swift in Sources */,
				F709599F2AF9180B00F0218B /* SearchTableViewCell.swift in Sources */,
				F70959932AF914D700F0218B /* BasicAPIManager.swift in Sources */,
				F709599D2AF9155C00F0218B /* SearchAppModel.swift in Sources */,
			);
			runOnlyForDeploymentPostprocessing = 0;
		};
/* End PBXSourcesBuildPhase section */

/* Begin PBXVariantGroup section */
		F70959822AF913ED00F0218B /* Main.storyboard */ = {
			isa = PBXVariantGroup;
			children = (
				F70959832AF913ED00F0218B /* Base */,
			);
			name = Main.storyboard;
			sourceTree = "<group>";
		};
		F70959872AF913EE00F0218B /* LaunchScreen.storyboard */ = {
			isa = PBXVariantGroup;
			children = (
				F70959882AF913EE00F0218B /* Base */,
			);
			name = LaunchScreen.storyboard;
			sourceTree = "<group>";
		};
/* End PBXVariantGroup section */

/* Begin XCBuildConfiguration section */
		F709598B2AF913EE00F0218B /* Debug */ = {
			isa = XCBuildConfiguration;
			buildSettings = {
				ALWAYS_SEARCH_USER_PATHS = NO;
				ASSETCATALOG_COMPILER_GENERATE_SWIFT_ASSET_SYMBOL_EXTENSIONS = YES;
				CLANG_ANALYZER_NONNULL = YES;
				CLANG_ANALYZER_NUMBER_OBJECT_CONVERSION = YES_AGGRESSIVE;
				CLANG_CXX_LANGUAGE_STANDARD = "gnu++20";
				CLANG_ENABLE_MODULES = YES;
				CLANG_ENABLE_OBJC_ARC = YES;
				CLANG_ENABLE_OBJC_WEAK = YES;
				CLANG_WARN_BLOCK_CAPTURE_AUTORELEASING = YES;
				CLANG_WARN_BOOL_CONVERSION = YES;
				CLANG_WARN_COMMA = YES;
				CLANG_WARN_CONSTANT_CONVERSION = YES;
				CLANG_WARN_DEPRECATED_OBJC_IMPLEMENTATIONS = YES;
				CLANG_WARN_DIRECT_OBJC_ISA_USAGE = YES_ERROR;
				CLANG_WARN_DOCUMENTATION_COMMENTS = YES;
				CLANG_WARN_EMPTY_BODY = YES;
				CLANG_WARN_ENUM_CONVERSION = YES;
				CLANG_WARN_INFINITE_RECURSION = YES;
				CLANG_WARN_INT_CONVERSION = YES;
				CLANG_WARN_NON_LITERAL_NULL_CONVERSION = YES;
				CLANG_WARN_OBJC_IMPLICIT_RETAIN_SELF = YES;
				CLANG_WARN_OBJC_LITERAL_CONVERSION = YES;
				CLANG_WARN_OBJC_ROOT_CLASS = YES_ERROR;
				CLANG_WARN_QUOTED_INCLUDE_IN_FRAMEWORK_HEADER = YES;
				CLANG_WARN_RANGE_LOOP_ANALYSIS = YES;
				CLANG_WARN_STRICT_PROTOTYPES = YES;
				CLANG_WARN_SUSPICIOUS_MOVE = YES;
				CLANG_WARN_UNGUARDED_AVAILABILITY = YES_AGGRESSIVE;
				CLANG_WARN_UNREACHABLE_CODE = YES;
				CLANG_WARN__DUPLICATE_METHOD_MATCH = YES;
				COPY_PHASE_STRIP = NO;
				DEBUG_INFORMATION_FORMAT = dwarf;
				ENABLE_STRICT_OBJC_MSGSEND = YES;
				ENABLE_TESTABILITY = YES;
				ENABLE_USER_SCRIPT_SANDBOXING = YES;
				GCC_C_LANGUAGE_STANDARD = gnu17;
				GCC_DYNAMIC_NO_PIC = NO;
				GCC_NO_COMMON_BLOCKS = YES;
				GCC_OPTIMIZATION_LEVEL = 0;
				GCC_PREPROCESSOR_DEFINITIONS = (
					"DEBUG=1",
					"$(inherited)",
				);
				GCC_WARN_64_TO_32_BIT_CONVERSION = YES;
				GCC_WARN_ABOUT_RETURN_TYPE = YES_ERROR;
				GCC_WARN_UNDECLARED_SELECTOR = YES;
				GCC_WARN_UNINITIALIZED_AUTOS = YES_AGGRESSIVE;
				GCC_WARN_UNUSED_FUNCTION = YES;
				GCC_WARN_UNUSED_VARIABLE = YES;
				IPHONEOS_DEPLOYMENT_TARGET = 17.0;
				LOCALIZATION_PREFERS_STRING_CATALOGS = YES;
				MTL_ENABLE_DEBUG_INFO = INCLUDE_SOURCE;
				MTL_FAST_MATH = YES;
				ONLY_ACTIVE_ARCH = YES;
				SDKROOT = iphoneos;
				SWIFT_ACTIVE_COMPILATION_CONDITIONS = "DEBUG $(inherited)";
				SWIFT_OPTIMIZATION_LEVEL = "-Onone";
			};
			name = Debug;
		};
		F709598C2AF913EE00F0218B /* Release */ = {
			isa = XCBuildConfiguration;
			buildSettings = {
				ALWAYS_SEARCH_USER_PATHS = NO;
				ASSETCATALOG_COMPILER_GENERATE_SWIFT_ASSET_SYMBOL_EXTENSIONS = YES;
				CLANG_ANALYZER_NONNULL = YES;
				CLANG_ANALYZER_NUMBER_OBJECT_CONVERSION = YES_AGGRESSIVE;
				CLANG_CXX_LANGUAGE_STANDARD = "gnu++20";
				CLANG_ENABLE_MODULES = YES;
				CLANG_ENABLE_OBJC_ARC = YES;
				CLANG_ENABLE_OBJC_WEAK = YES;
				CLANG_WARN_BLOCK_CAPTURE_AUTORELEASING = YES;
				CLANG_WARN_BOOL_CONVERSION = YES;
				CLANG_WARN_COMMA = YES;
				CLANG_WARN_CONSTANT_CONVERSION = YES;
				CLANG_WARN_DEPRECATED_OBJC_IMPLEMENTATIONS = YES;
				CLANG_WARN_DIRECT_OBJC_ISA_USAGE = YES_ERROR;
				CLANG_WARN_DOCUMENTATION_COMMENTS = YES;
				CLANG_WARN_EMPTY_BODY = YES;
				CLANG_WARN_ENUM_CONVERSION = YES;
				CLANG_WARN_INFINITE_RECURSION = YES;
				CLANG_WARN_INT_CONVERSION = YES;
				CLANG_WARN_NON_LITERAL_NULL_CONVERSION = YES;
				CLANG_WARN_OBJC_IMPLICIT_RETAIN_SELF = YES;
				CLANG_WARN_OBJC_LITERAL_CONVERSION = YES;
				CLANG_WARN_OBJC_ROOT_CLASS = YES_ERROR;
				CLANG_WARN_QUOTED_INCLUDE_IN_FRAMEWORK_HEADER = YES;
				CLANG_WARN_RANGE_LOOP_ANALYSIS = YES;
				CLANG_WARN_STRICT_PROTOTYPES = YES;
				CLANG_WARN_SUSPICIOUS_MOVE = YES;
				CLANG_WARN_UNGUARDED_AVAILABILITY = YES_AGGRESSIVE;
				CLANG_WARN_UNREACHABLE_CODE = YES;
				CLANG_WARN__DUPLICATE_METHOD_MATCH = YES;
				COPY_PHASE_STRIP = NO;
				DEBUG_INFORMATION_FORMAT = "dwarf-with-dsym";
				ENABLE_NS_ASSERTIONS = NO;
				ENABLE_STRICT_OBJC_MSGSEND = YES;
				ENABLE_USER_SCRIPT_SANDBOXING = YES;
				GCC_C_LANGUAGE_STANDARD = gnu17;
				GCC_NO_COMMON_BLOCKS = YES;
				GCC_WARN_64_TO_32_BIT_CONVERSION = YES;
				GCC_WARN_ABOUT_RETURN_TYPE = YES_ERROR;
				GCC_WARN_UNDECLARED_SELECTOR = YES;
				GCC_WARN_UNINITIALIZED_AUTOS = YES_AGGRESSIVE;
				GCC_WARN_UNUSED_FUNCTION = YES;
				GCC_WARN_UNUSED_VARIABLE = YES;
				IPHONEOS_DEPLOYMENT_TARGET = 17.0;
				LOCALIZATION_PREFERS_STRING_CATALOGS = YES;
				MTL_ENABLE_DEBUG_INFO = NO;
				MTL_FAST_MATH = YES;
				SDKROOT = iphoneos;
				SWIFT_COMPILATION_MODE = wholemodule;
				VALIDATE_PRODUCT = YES;
			};
			name = Release;
		};
		F709598E2AF913EE00F0218B /* Debug */ = {
			isa = XCBuildConfiguration;
			buildSettings = {
				ASSETCATALOG_COMPILER_APPICON_NAME = AppIcon;
				ASSETCATALOG_COMPILER_GLOBAL_ACCENT_COLOR_NAME = AccentColor;
				CODE_SIGN_STYLE = Automatic;
				CURRENT_PROJECT_VERSION = 1;
				DEVELOPMENT_TEAM = 2K3Y93YF8Z;
				GENERATE_INFOPLIST_FILE = YES;
				INFOPLIST_FILE = RxSwiftItunesAppStore/Info.plist;
				INFOPLIST_KEY_UIApplicationSupportsIndirectInputEvents = YES;
				INFOPLIST_KEY_UILaunchStoryboardName = LaunchScreen;
				INFOPLIST_KEY_UIMainStoryboardFile = Main;
				INFOPLIST_KEY_UISupportedInterfaceOrientations = UIInterfaceOrientationPortrait;
				INFOPLIST_KEY_UISupportedInterfaceOrientations_iPad = "UIInterfaceOrientationLandscapeLeft UIInterfaceOrientationLandscapeRight UIInterfaceOrientationPortrait UIInterfaceOrientationPortraitUpsideDown";
				IPHONEOS_DEPLOYMENT_TARGET = 16.0;
				LD_RUNPATH_SEARCH_PATHS = (
					"$(inherited)",
					"@executable_path/Frameworks",
				);
				MARKETING_VERSION = 1.0;
				PRODUCT_BUNDLE_IDENTIFIER = com.hans.RxSwiftItunesAppStore;
				PRODUCT_NAME = "$(TARGET_NAME)";
				SUPPORTED_PLATFORMS = "iphoneos iphonesimulator";
				SUPPORTS_MACCATALYST = NO;
				SUPPORTS_MAC_DESIGNED_FOR_IPHONE_IPAD = NO;
				SWIFT_EMIT_LOC_STRINGS = YES;
				SWIFT_VERSION = 5.0;
				TARGETED_DEVICE_FAMILY = 1;
			};
			name = Debug;
		};
		F709598F2AF913EE00F0218B /* Release */ = {
			isa = XCBuildConfiguration;
			buildSettings = {
				ASSETCATALOG_COMPILER_APPICON_NAME = AppIcon;
				ASSETCATALOG_COMPILER_GLOBAL_ACCENT_COLOR_NAME = AccentColor;
				CODE_SIGN_STYLE = Automatic;
				CURRENT_PROJECT_VERSION = 1;
				DEVELOPMENT_TEAM = 2K3Y93YF8Z;
				GENERATE_INFOPLIST_FILE = YES;
				INFOPLIST_FILE = RxSwiftItunesAppStore/Info.plist;
				INFOPLIST_KEY_UIApplicationSupportsIndirectInputEvents = YES;
				INFOPLIST_KEY_UILaunchStoryboardName = LaunchScreen;
				INFOPLIST_KEY_UIMainStoryboardFile = Main;
				INFOPLIST_KEY_UISupportedInterfaceOrientations = UIInterfaceOrientationPortrait;
				INFOPLIST_KEY_UISupportedInterfaceOrientations_iPad = "UIInterfaceOrientationLandscapeLeft UIInterfaceOrientationLandscapeRight UIInterfaceOrientationPortrait UIInterfaceOrientationPortraitUpsideDown";
				IPHONEOS_DEPLOYMENT_TARGET = 16.0;
				LD_RUNPATH_SEARCH_PATHS = (
					"$(inherited)",
					"@executable_path/Frameworks",
				);
				MARKETING_VERSION = 1.0;
				PRODUCT_BUNDLE_IDENTIFIER = com.hans.RxSwiftItunesAppStore;
				PRODUCT_NAME = "$(TARGET_NAME)";
				SUPPORTED_PLATFORMS = "iphoneos iphonesimulator";
				SUPPORTS_MACCATALYST = NO;
				SUPPORTS_MAC_DESIGNED_FOR_IPHONE_IPAD = NO;
				SWIFT_EMIT_LOC_STRINGS = YES;
				SWIFT_VERSION = 5.0;
				TARGETED_DEVICE_FAMILY = 1;
			};
			name = Release;
		};
/* End XCBuildConfiguration section */

/* Begin XCConfigurationList section */
		F70959742AF913ED00F0218B /* Build configuration list for PBXProject "RxSwiftItunesAppStore" */ = {
			isa = XCConfigurationList;
			buildConfigurations = (
				F709598B2AF913EE00F0218B /* Debug */,
				F709598C2AF913EE00F0218B /* Release */,
			);
			defaultConfigurationIsVisible = 0;
			defaultConfigurationName = Release;
		};
		F709598D2AF913EE00F0218B /* Build configuration list for PBXNativeTarget "RxSwiftItunesAppStore" */ = {
			isa = XCConfigurationList;
			buildConfigurations = (
				F709598E2AF913EE00F0218B /* Debug */,
				F709598F2AF913EE00F0218B /* Release */,
			);
			defaultConfigurationIsVisible = 0;
			defaultConfigurationName = Release;
		};
/* End XCConfigurationList section */

/* Begin XCRemoteSwiftPackageReference section */
		F70959942AF914FB00F0218B /* XCRemoteSwiftPackageReference "SnapKit" */ = {
			isa = XCRemoteSwiftPackageReference;
			repositoryURL = "https://github.com/SnapKit/SnapKit.git";
			requirement = {
				kind = upToNextMajorVersion;
				minimumVersion = 5.6.0;
			};
		};
		F70959972AF9154400F0218B /* XCRemoteSwiftPackageReference "RxSwift" */ = {
			isa = XCRemoteSwiftPackageReference;
			repositoryURL = "https://github.com/ReactiveX/RxSwift.git";
			requirement = {
				kind = upToNextMajorVersion;
				minimumVersion = 6.6.0;
			};
		};
		F70959A62AF91B8900F0218B /* XCRemoteSwiftPackageReference "Kingfisher" */ = {
			isa = XCRemoteSwiftPackageReference;
			repositoryURL = "https://github.com/onevcat/Kingfisher.git";
			requirement = {
				kind = upToNextMajorVersion;
				minimumVersion = 7.10.0;
			};
		};
/* End XCRemoteSwiftPackageReference section */

/* Begin XCSwiftPackageProductDependency section */
		F70959952AF914FB00F0218B /* SnapKit */ = {
			isa = XCSwiftPackageProductDependency;
			package = F70959942AF914FB00F0218B /* XCRemoteSwiftPackageReference "SnapKit" */;
			productName = SnapKit;
		};
		F70959982AF9154400F0218B /* RxCocoa */ = {
			isa = XCSwiftPackageProductDependency;
			package = F70959972AF9154400F0218B /* XCRemoteSwiftPackageReference "RxSwift" */;
			productName = RxCocoa;
		};
		F709599A2AF9154400F0218B /* RxSwift */ = {
			isa = XCSwiftPackageProductDependency;
			package = F70959972AF9154400F0218B /* XCRemoteSwiftPackageReference "RxSwift" */;
			productName = RxSwift;
		};
		F70959A72AF91B8900F0218B /* Kingfisher */ = {
			isa = XCSwiftPackageProductDependency;
			package = F70959A62AF91B8900F0218B /* XCRemoteSwiftPackageReference "Kingfisher" */;
			productName = Kingfisher;
		};
/* End XCSwiftPackageProductDependency section */
	};
	rootObject = F70959712AF913ED00F0218B /* Project object */;
}
