// !$*UTF8*$!
{
	archiveVersion = 1;
	classes = {
	};
	objectVersion = 56;
	objects = {

/* Begin PBXBuildFile section */
		F776FEAE2A7799B10065ACEB /* AppDelegate.swift in Sources */ = {isa = PBXBuildFile; fileRef = F776FEAD2A7799B10065ACEB /* AppDelegate.swift */; };
		F776FEB02A7799B10065ACEB /* SceneDelegate.swift in Sources */ = {isa = PBXBuildFile; fileRef = F776FEAF2A7799B10065ACEB /* SceneDelegate.swift */; };
		F776FEB22A7799B10065ACEB /* ViewController.swift in Sources */ = {isa = PBXBuildFile; fileRef = F776FEB12A7799B10065ACEB /* ViewController.swift */; };
		F776FEB52A7799B10065ACEB /* Main.storyboard in Resources */ = {isa = PBXBuildFile; fileRef = F776FEB32A7799B10065ACEB /* Main.storyboard */; };
		F776FEB72A7799B20065ACEB /* Assets.xcassets in Resources */ = {isa = PBXBuildFile; fileRef = F776FEB62A7799B20065ACEB /* Assets.xcassets */; };
		F776FEBA2A7799B20065ACEB /* LaunchScreen.storyboard in Resources */ = {isa = PBXBuildFile; fileRef = F776FEB82A7799B20065ACEB /* LaunchScreen.storyboard */; };
		F776FEC22A779A4A0065ACEB /* MovieInformation.swift in Sources */ = {isa = PBXBuildFile; fileRef = F776FEC12A779A4A0065ACEB /* MovieInformation.swift */; };
		F776FEC42A779A5C0065ACEB /* Movie.swift in Sources */ = {isa = PBXBuildFile; fileRef = F776FEC32A779A5C0065ACEB /* Movie.swift */; };
		F776FEC62A779AFC0065ACEB /* BookCollectionViewController.swift in Sources */ = {isa = PBXBuildFile; fileRef = F776FEC52A779AFC0065ACEB /* BookCollectionViewController.swift */; };
		F776FEC92A779B440065ACEB /* BookCollectionViewCell.swift in Sources */ = {isa = PBXBuildFile; fileRef = F776FEC72A779B440065ACEB /* BookCollectionViewCell.swift */; };
		F776FECA2A779B440065ACEB /* BookCollectionViewCell.xib in Resources */ = {isa = PBXBuildFile; fileRef = F776FEC82A779B440065ACEB /* BookCollectionViewCell.xib */; };
		F776FECC2A779FA30065ACEB /* Extension+UIViewController.swift in Sources */ = {isa = PBXBuildFile; fileRef = F776FECB2A779FA30065ACEB /* Extension+UIViewController.swift */; };
		F776FECE2A77A0610065ACEB /* Enum.swift in Sources */ = {isa = PBXBuildFile; fileRef = F776FECD2A77A0610065ACEB /* Enum.swift */; };
		F776FED02A77AC2D0065ACEB /* SearchViewController.swift in Sources */ = {isa = PBXBuildFile; fileRef = F776FECF2A77AC2D0065ACEB /* SearchViewController.swift */; };
		F776FED22A77AE490065ACEB /* DetailViewController.swift in Sources */ = {isa = PBXBuildFile; fileRef = F776FED12A77AE490065ACEB /* DetailViewController.swift */; };
		F776FEE32A7A286B0065ACEB /* LookAroundViewController.swift in Sources */ = {isa = PBXBuildFile; fileRef = F776FEE22A7A286B0065ACEB /* LookAroundViewController.swift */; };
		F776FEEA2A7A3C2C0065ACEB /* recentCollectionViewCell.swift in Sources */ = {isa = PBXBuildFile; fileRef = F776FEE82A7A3C2C0065ACEB /* recentCollectionViewCell.swift */; };
		F776FEEB2A7A3C2C0065ACEB /* recentCollectionViewCell.xib in Resources */ = {isa = PBXBuildFile; fileRef = F776FEE92A7A3C2C0065ACEB /* recentCollectionViewCell.xib */; };
		F776FEF22A7A41AB0065ACEB /* PopularityTableViewCell.swift in Sources */ = {isa = PBXBuildFile; fileRef = F776FEF02A7A41AB0065ACEB /* PopularityTableViewCell.swift */; };
		F776FEF32A7A41AB0065ACEB /* PopularityTableViewCell.xib in Resources */ = {isa = PBXBuildFile; fileRef = F776FEF12A7A41AB0065ACEB /* PopularityTableViewCell.xib */; };
/* End PBXBuildFile section */

/* Begin PBXFileReference section */
		F776FEAA2A7799B10065ACEB /* BookWorm.app */ = {isa = PBXFileReference; explicitFileType = wrapper.application; includeInIndex = 0; path = BookWorm.app; sourceTree = BUILT_PRODUCTS_DIR; };
		F776FEAD2A7799B10065ACEB /* AppDelegate.swift */ = {isa = PBXFileReference; lastKnownFileType = sourcecode.swift; path = AppDelegate.swift; sourceTree = "<group>"; };
		F776FEAF2A7799B10065ACEB /* SceneDelegate.swift */ = {isa = PBXFileReference; lastKnownFileType = sourcecode.swift; path = SceneDelegate.swift; sourceTree = "<group>"; };
		F776FEB12A7799B10065ACEB /* ViewController.swift */ = {isa = PBXFileReference; lastKnownFileType = sourcecode.swift; path = ViewController.swift; sourceTree = "<group>"; };
		F776FEB42A7799B10065ACEB /* Base */ = {isa = PBXFileReference; lastKnownFileType = file.storyboard; name = Base; path = Base.lproj/Main.storyboard; sourceTree = "<group>"; };
		F776FEB62A7799B20065ACEB /* Assets.xcassets */ = {isa = PBXFileReference; lastKnownFileType = folder.assetcatalog; path = Assets.xcassets; sourceTree = "<group>"; };
		F776FEB92A7799B20065ACEB /* Base */ = {isa = PBXFileReference; lastKnownFileType = file.storyboard; name = Base; path = Base.lproj/LaunchScreen.storyboard; sourceTree = "<group>"; };
		F776FEBB2A7799B20065ACEB /* Info.plist */ = {isa = PBXFileReference; lastKnownFileType = text.plist.xml; path = Info.plist; sourceTree = "<group>"; };
		F776FEC12A779A4A0065ACEB /* MovieInformation.swift */ = {isa = PBXFileReference; lastKnownFileType = sourcecode.swift; path = MovieInformation.swift; sourceTree = "<group>"; };
		F776FEC32A779A5C0065ACEB /* Movie.swift */ = {isa = PBXFileReference; lastKnownFileType = sourcecode.swift; path = Movie.swift; sourceTree = "<group>"; };
		F776FEC52A779AFC0065ACEB /* BookCollectionViewController.swift */ = {isa = PBXFileReference; lastKnownFileType = sourcecode.swift; path = BookCollectionViewController.swift; sourceTree = "<group>"; };
		F776FEC72A779B440065ACEB /* BookCollectionViewCell.swift */ = {isa = PBXFileReference; lastKnownFileType = sourcecode.swift; path = BookCollectionViewCell.swift; sourceTree = "<group>"; };
		F776FEC82A779B440065ACEB /* BookCollectionViewCell.xib */ = {isa = PBXFileReference; lastKnownFileType = file.xib; path = BookCollectionViewCell.xib; sourceTree = "<group>"; };
		F776FECB2A779FA30065ACEB /* Extension+UIViewController.swift */ = {isa = PBXFileReference; lastKnownFileType = sourcecode.swift; path = "Extension+UIViewController.swift"; sourceTree = "<group>"; };
		F776FECD2A77A0610065ACEB /* Enum.swift */ = {isa = PBXFileReference; lastKnownFileType = sourcecode.swift; path = Enum.swift; sourceTree = "<group>"; };
		F776FECF2A77AC2D0065ACEB /* SearchViewController.swift */ = {isa = PBXFileReference; lastKnownFileType = sourcecode.swift; path = SearchViewController.swift; sourceTree = "<group>"; };
		F776FED12A77AE490065ACEB /* DetailViewController.swift */ = {isa = PBXFileReference; lastKnownFileType = sourcecode.swift; path = DetailViewController.swift; sourceTree = "<group>"; };
		F776FEE22A7A286B0065ACEB /* LookAroundViewController.swift */ = {isa = PBXFileReference; lastKnownFileType = sourcecode.swift; path = LookAroundViewController.swift; sourceTree = "<group>"; };
		F776FEE82A7A3C2C0065ACEB /* recentCollectionViewCell.swift */ = {isa = PBXFileReference; lastKnownFileType = sourcecode.swift; path = recentCollectionViewCell.swift; sourceTree = "<group>"; };
		F776FEE92A7A3C2C0065ACEB /* recentCollectionViewCell.xib */ = {isa = PBXFileReference; lastKnownFileType = file.xib; path = recentCollectionViewCell.xib; sourceTree = "<group>"; };
		F776FEF02A7A41AB0065ACEB /* PopularityTableViewCell.swift */ = {isa = PBXFileReference; lastKnownFileType = sourcecode.swift; path = PopularityTableViewCell.swift; sourceTree = "<group>"; };
		F776FEF12A7A41AB0065ACEB /* PopularityTableViewCell.xib */ = {isa = PBXFileReference; lastKnownFileType = file.xib; path = PopularityTableViewCell.xib; sourceTree = "<group>"; };
/* End PBXFileReference section */

/* Begin PBXFrameworksBuildPhase section */
		F776FEA72A7799B10065ACEB /* Frameworks */ = {
			isa = PBXFrameworksBuildPhase;
			buildActionMask = 2147483647;
			files = (
			);
			runOnlyForDeploymentPostprocessing = 0;
		};
/* End PBXFrameworksBuildPhase section */

/* Begin PBXGroup section */
		F776FEA12A7799B10065ACEB = {
			isa = PBXGroup;
			children = (
				F776FEAC2A7799B10065ACEB /* BookWorm */,
				F776FEAB2A7799B10065ACEB /* Products */,
			);
			sourceTree = "<group>";
		};
		F776FEAB2A7799B10065ACEB /* Products */ = {
			isa = PBXGroup;
			children = (
				F776FEAA2A7799B10065ACEB /* BookWorm.app */,
			);
			name = Products;
			sourceTree = "<group>";
		};
		F776FEAC2A7799B10065ACEB /* BookWorm */ = {
			isa = PBXGroup;
			children = (
				F776FEAD2A7799B10065ACEB /* AppDelegate.swift */,
				F776FEAF2A7799B10065ACEB /* SceneDelegate.swift */,
				F776FEC32A779A5C0065ACEB /* Movie.swift */,
				F776FEC12A779A4A0065ACEB /* MovieInformation.swift */,
				F776FECD2A77A0610065ACEB /* Enum.swift */,
				F776FECB2A779FA30065ACEB /* Extension+UIViewController.swift */,
				F776FEB12A7799B10065ACEB /* ViewController.swift */,
				F776FED12A77AE490065ACEB /* DetailViewController.swift */,
				F776FECF2A77AC2D0065ACEB /* SearchViewController.swift */,
				F776FEC52A779AFC0065ACEB /* BookCollectionViewController.swift */,
				F776FEC72A779B440065ACEB /* BookCollectionViewCell.swift */,
				F776FEB32A7799B10065ACEB /* Main.storyboard */,
				F776FEE22A7A286B0065ACEB /* LookAroundViewController.swift */,
				F776FEE82A7A3C2C0065ACEB /* recentCollectionViewCell.swift */,
				F776FEE92A7A3C2C0065ACEB /* recentCollectionViewCell.xib */,
				F776FEF02A7A41AB0065ACEB /* PopularityTableViewCell.swift */,
				F776FEF12A7A41AB0065ACEB /* PopularityTableViewCell.xib */,
				F776FEB82A7799B20065ACEB /* LaunchScreen.storyboard */,
				F776FEC82A779B440065ACEB /* BookCollectionViewCell.xib */,
				F776FEB62A7799B20065ACEB /* Assets.xcassets */,
				F776FEBB2A7799B20065ACEB /* Info.plist */,
			);
			path = BookWorm;
			sourceTree = "<group>";
		};
/* End PBXGroup section */

/* Begin PBXNativeTarget section */
		F776FEA92A7799B10065ACEB /* BookWorm */ = {
			isa = PBXNativeTarget;
			buildConfigurationList = F776FEBE2A7799B20065ACEB /* Build configuration list for PBXNativeTarget "BookWorm" */;
			buildPhases = (
				F776FEA62A7799B10065ACEB /* Sources */,
				F776FEA72A7799B10065ACEB /* Frameworks */,
				F776FEA82A7799B10065ACEB /* Resources */,
			);
			buildRules = (
			);
			dependencies = (
			);
			name = BookWorm;
			productName = BookWorm;
			productReference = F776FEAA2A7799B10065ACEB /* BookWorm.app */;
			productType = "com.apple.product-type.application";
		};
/* End PBXNativeTarget section */

/* Begin PBXProject section */
		F776FEA22A7799B10065ACEB /* Project object */ = {
			isa = PBXProject;
			attributes = {
				BuildIndependentTargetsInParallel = 1;
				LastSwiftUpdateCheck = 1430;
				LastUpgradeCheck = 1430;
				TargetAttributes = {
					F776FEA92A7799B10065ACEB = {
						CreatedOnToolsVersion = 14.3.1;
					};
				};
			};
			buildConfigurationList = F776FEA52A7799B10065ACEB /* Build configuration list for PBXProject "BookWorm" */;
			compatibilityVersion = "Xcode 14.0";
			developmentRegion = en;
			hasScannedForEncodings = 0;
			knownRegions = (
				en,
				Base,
			);
			mainGroup = F776FEA12A7799B10065ACEB;
			productRefGroup = F776FEAB2A7799B10065ACEB /* Products */;
			projectDirPath = "";
			projectRoot = "";
			targets = (
				F776FEA92A7799B10065ACEB /* BookWorm */,
			);
		};
/* End PBXProject section */

/* Begin PBXResourcesBuildPhase section */
		F776FEA82A7799B10065ACEB /* Resources */ = {
			isa = PBXResourcesBuildPhase;
			buildActionMask = 2147483647;
			files = (
				F776FEBA2A7799B20065ACEB /* LaunchScreen.storyboard in Resources */,
				F776FECA2A779B440065ACEB /* BookCollectionViewCell.xib in Resources */,
				F776FEF32A7A41AB0065ACEB /* PopularityTableViewCell.xib in Resources */,
				F776FEB72A7799B20065ACEB /* Assets.xcassets in Resources */,
				F776FEEB2A7A3C2C0065ACEB /* recentCollectionViewCell.xib in Resources */,
				F776FEB52A7799B10065ACEB /* Main.storyboard in Resources */,
			);
			runOnlyForDeploymentPostprocessing = 0;
		};
/* End PBXResourcesBuildPhase section */

/* Begin PBXSourcesBuildPhase section */
		F776FEA62A7799B10065ACEB /* Sources */ = {
			isa = PBXSourcesBuildPhase;
			buildActionMask = 2147483647;
			files = (
				F776FED22A77AE490065ACEB /* DetailViewController.swift in Sources */,
				F776FED02A77AC2D0065ACEB /* SearchViewController.swift in Sources */,
				F776FECC2A779FA30065ACEB /* Extension+UIViewController.swift in Sources */,
				F776FEB22A7799B10065ACEB /* ViewController.swift in Sources */,
				F776FEAE2A7799B10065ACEB /* AppDelegate.swift in Sources */,
				F776FEB02A7799B10065ACEB /* SceneDelegate.swift in Sources */,
				F776FEC22A779A4A0065ACEB /* MovieInformation.swift in Sources */,
				F776FEEA2A7A3C2C0065ACEB /* recentCollectionViewCell.swift in Sources */,
				F776FECE2A77A0610065ACEB /* Enum.swift in Sources */,
				F776FEC92A779B440065ACEB /* BookCollectionViewCell.swift in Sources */,
				F776FEF22A7A41AB0065ACEB /* PopularityTableViewCell.swift in Sources */,
				F776FEC42A779A5C0065ACEB /* Movie.swift in Sources */,
				F776FEE32A7A286B0065ACEB /* LookAroundViewController.swift in Sources */,
				F776FEC62A779AFC0065ACEB /* BookCollectionViewController.swift in Sources */,
			);
			runOnlyForDeploymentPostprocessing = 0;
		};
/* End PBXSourcesBuildPhase section */

/* Begin PBXVariantGroup section */
		F776FEB32A7799B10065ACEB /* Main.storyboard */ = {
			isa = PBXVariantGroup;
			children = (
				F776FEB42A7799B10065ACEB /* Base */,
			);
			name = Main.storyboard;
			sourceTree = "<group>";
		};
		F776FEB82A7799B20065ACEB /* LaunchScreen.storyboard */ = {
			isa = PBXVariantGroup;
			children = (
				F776FEB92A7799B20065ACEB /* Base */,
			);
			name = LaunchScreen.storyboard;
			sourceTree = "<group>";
		};
/* End PBXVariantGroup section */

/* Begin XCBuildConfiguration section */
		F776FEBC2A7799B20065ACEB /* Debug */ = {
			isa = XCBuildConfiguration;
			buildSettings = {
				ALWAYS_SEARCH_USER_PATHS = NO;
				CLANG_ANALYZER_NONNULL = YES;
				CLANG_ANALYZER_NUMBER_OBJECT_CONVERSION = YES_AGGRESSIVE;
				CLANG_CXX_LANGUAGE_STANDARD = "gnu++20";
				CLANG_ENABLE_MODULES = YES;
				CLANG_ENABLE_OBJC_ARC = YES;
				CLANG_ENABLE_OBJC_WEAK = YES;
				CLANG_WARN_BLOCK_CAPTURE_AUTORELEASING = YES;
				CLANG_WARN_BOOL_CONVERSION = YES;
				CLANG_WARN_COMMA = YES;
				CLANG_WARN_CONSTANT_CONVERSION = YES;
				CLANG_WARN_DEPRECATED_OBJC_IMPLEMENTATIONS = YES;
				CLANG_WARN_DIRECT_OBJC_ISA_USAGE = YES_ERROR;
				CLANG_WARN_DOCUMENTATION_COMMENTS = YES;
				CLANG_WARN_EMPTY_BODY = YES;
				CLANG_WARN_ENUM_CONVERSION = YES;
				CLANG_WARN_INFINITE_RECURSION = YES;
				CLANG_WARN_INT_CONVERSION = YES;
				CLANG_WARN_NON_LITERAL_NULL_CONVERSION = YES;
				CLANG_WARN_OBJC_IMPLICIT_RETAIN_SELF = YES;
				CLANG_WARN_OBJC_LITERAL_CONVERSION = YES;
				CLANG_WARN_OBJC_ROOT_CLASS = YES_ERROR;
				CLANG_WARN_QUOTED_INCLUDE_IN_FRAMEWORK_HEADER = YES;
				CLANG_WARN_RANGE_LOOP_ANALYSIS = YES;
				CLANG_WARN_STRICT_PROTOTYPES = YES;
				CLANG_WARN_SUSPICIOUS_MOVE = YES;
				CLANG_WARN_UNGUARDED_AVAILABILITY = YES_AGGRESSIVE;
				CLANG_WARN_UNREACHABLE_CODE = YES;
				CLANG_WARN__DUPLICATE_METHOD_MATCH = YES;
				COPY_PHASE_STRIP = NO;
				DEBUG_INFORMATION_FORMAT = dwarf;
				ENABLE_STRICT_OBJC_MSGSEND = YES;
				ENABLE_TESTABILITY = YES;
				GCC_C_LANGUAGE_STANDARD = gnu11;
				GCC_DYNAMIC_NO_PIC = NO;
				GCC_NO_COMMON_BLOCKS = YES;
				GCC_OPTIMIZATION_LEVEL = 0;
				GCC_PREPROCESSOR_DEFINITIONS = (
					"DEBUG=1",
					"$(inherited)",
				);
				GCC_WARN_64_TO_32_BIT_CONVERSION = YES;
				GCC_WARN_ABOUT_RETURN_TYPE = YES_ERROR;
				GCC_WARN_UNDECLARED_SELECTOR = YES;
				GCC_WARN_UNINITIALIZED_AUTOS = YES_AGGRESSIVE;
				GCC_WARN_UNUSED_FUNCTION = YES;
				GCC_WARN_UNUSED_VARIABLE = YES;
				IPHONEOS_DEPLOYMENT_TARGET = 16.4;
				MTL_ENABLE_DEBUG_INFO = INCLUDE_SOURCE;
				MTL_FAST_MATH = YES;
				ONLY_ACTIVE_ARCH = YES;
				SDKROOT = iphoneos;
				SWIFT_ACTIVE_COMPILATION_CONDITIONS = DEBUG;
				SWIFT_OPTIMIZATION_LEVEL = "-Onone";
			};
			name = Debug;
		};
		F776FEBD2A7799B20065ACEB /* Release */ = {
			isa = XCBuildConfiguration;
			buildSettings = {
				ALWAYS_SEARCH_USER_PATHS = NO;
				CLANG_ANALYZER_NONNULL = YES;
				CLANG_ANALYZER_NUMBER_OBJECT_CONVERSION = YES_AGGRESSIVE;
				CLANG_CXX_LANGUAGE_STANDARD = "gnu++20";
				CLANG_ENABLE_MODULES = YES;
				CLANG_ENABLE_OBJC_ARC = YES;
				CLANG_ENABLE_OBJC_WEAK = YES;
				CLANG_WARN_BLOCK_CAPTURE_AUTORELEASING = YES;
				CLANG_WARN_BOOL_CONVERSION = YES;
				CLANG_WARN_COMMA = YES;
				CLANG_WARN_CONSTANT_CONVERSION = YES;
				CLANG_WARN_DEPRECATED_OBJC_IMPLEMENTATIONS = YES;
				CLANG_WARN_DIRECT_OBJC_ISA_USAGE = YES_ERROR;
				CLANG_WARN_DOCUMENTATION_COMMENTS = YES;
				CLANG_WARN_EMPTY_BODY = YES;
				CLANG_WARN_ENUM_CONVERSION = YES;
				CLANG_WARN_INFINITE_RECURSION = YES;
				CLANG_WARN_INT_CONVERSION = YES;
				CLANG_WARN_NON_LITERAL_NULL_CONVERSION = YES;
				CLANG_WARN_OBJC_IMPLICIT_RETAIN_SELF = YES;
				CLANG_WARN_OBJC_LITERAL_CONVERSION = YES;
				CLANG_WARN_OBJC_ROOT_CLASS = YES_ERROR;
				CLANG_WARN_QUOTED_INCLUDE_IN_FRAMEWORK_HEADER = YES;
				CLANG_WARN_RANGE_LOOP_ANALYSIS = YES;
				CLANG_WARN_STRICT_PROTOTYPES = YES;
				CLANG_WARN_SUSPICIOUS_MOVE = YES;
				CLANG_WARN_UNGUARDED_AVAILABILITY = YES_AGGRESSIVE;
				CLANG_WARN_UNREACHABLE_CODE = YES;
				CLANG_WARN__DUPLICATE_METHOD_MATCH = YES;
				COPY_PHASE_STRIP = NO;
				DEBUG_INFORMATION_FORMAT = "dwarf-with-dsym";
				ENABLE_NS_ASSERTIONS = NO;
				ENABLE_STRICT_OBJC_MSGSEND = YES;
				GCC_C_LANGUAGE_STANDARD = gnu11;
				GCC_NO_COMMON_BLOCKS = YES;
				GCC_WARN_64_TO_32_BIT_CONVERSION = YES;
				GCC_WARN_ABOUT_RETURN_TYPE = YES_ERROR;
				GCC_WARN_UNDECLARED_SELECTOR = YES;
				GCC_WARN_UNINITIALIZED_AUTOS = YES_AGGRESSIVE;
				GCC_WARN_UNUSED_FUNCTION = YES;
				GCC_WARN_UNUSED_VARIABLE = YES;
				IPHONEOS_DEPLOYMENT_TARGET = 16.4;
				MTL_ENABLE_DEBUG_INFO = NO;
				MTL_FAST_MATH = YES;
				SDKROOT = iphoneos;
				SWIFT_COMPILATION_MODE = wholemodule;
				SWIFT_OPTIMIZATION_LEVEL = "-O";
				VALIDATE_PRODUCT = YES;
			};
			name = Release;
		};
		F776FEBF2A7799B20065ACEB /* Debug */ = {
			isa = XCBuildConfiguration;
			buildSettings = {
				ASSETCATALOG_COMPILER_APPICON_NAME = AppIcon;
				ASSETCATALOG_COMPILER_GLOBAL_ACCENT_COLOR_NAME = AccentColor;
				CODE_SIGN_STYLE = Automatic;
				CURRENT_PROJECT_VERSION = 1;
				DEVELOPMENT_TEAM = 2K3Y93YF8Z;
				GENERATE_INFOPLIST_FILE = YES;
				INFOPLIST_FILE = BookWorm/Info.plist;
				INFOPLIST_KEY_UIApplicationSupportsIndirectInputEvents = YES;
				INFOPLIST_KEY_UILaunchStoryboardName = LaunchScreen;
				INFOPLIST_KEY_UIMainStoryboardFile = Main;
				INFOPLIST_KEY_UISupportedInterfaceOrientations = UIInterfaceOrientationPortrait;
				INFOPLIST_KEY_UISupportedInterfaceOrientations_iPad = "UIInterfaceOrientationLandscapeLeft UIInterfaceOrientationLandscapeRight UIInterfaceOrientationPortrait UIInterfaceOrientationPortraitUpsideDown";
				IPHONEOS_DEPLOYMENT_TARGET = 16.0;
				LD_RUNPATH_SEARCH_PATHS = (
					"$(inherited)",
					"@executable_path/Frameworks",
				);
				MARKETING_VERSION = 1.0;
				PRODUCT_BUNDLE_IDENTIFIER = com.sesac.BookWorm;
				PRODUCT_NAME = "$(TARGET_NAME)";
				SUPPORTED_PLATFORMS = "iphoneos iphonesimulator";
				SUPPORTS_MACCATALYST = NO;
				SUPPORTS_MAC_DESIGNED_FOR_IPHONE_IPAD = NO;
				SWIFT_EMIT_LOC_STRINGS = YES;
				SWIFT_VERSION = 5.0;
				TARGETED_DEVICE_FAMILY = 1;
			};
			name = Debug;
		};
		F776FEC02A7799B20065ACEB /* Release */ = {
			isa = XCBuildConfiguration;
			buildSettings = {
				ASSETCATALOG_COMPILER_APPICON_NAME = AppIcon;
				ASSETCATALOG_COMPILER_GLOBAL_ACCENT_COLOR_NAME = AccentColor;
				CODE_SIGN_STYLE = Automatic;
				CURRENT_PROJECT_VERSION = 1;
				DEVELOPMENT_TEAM = 2K3Y93YF8Z;
				GENERATE_INFOPLIST_FILE = YES;
				INFOPLIST_FILE = BookWorm/Info.plist;
				INFOPLIST_KEY_UIApplicationSupportsIndirectInputEvents = YES;
				INFOPLIST_KEY_UILaunchStoryboardName = LaunchScreen;
				INFOPLIST_KEY_UIMainStoryboardFile = Main;
				INFOPLIST_KEY_UISupportedInterfaceOrientations = UIInterfaceOrientationPortrait;
				INFOPLIST_KEY_UISupportedInterfaceOrientations_iPad = "UIInterfaceOrientationLandscapeLeft UIInterfaceOrientationLandscapeRight UIInterfaceOrientationPortrait UIInterfaceOrientationPortraitUpsideDown";
				IPHONEOS_DEPLOYMENT_TARGET = 16.0;
				LD_RUNPATH_SEARCH_PATHS = (
					"$(inherited)",
					"@executable_path/Frameworks",
				);
				MARKETING_VERSION = 1.0;
				PRODUCT_BUNDLE_IDENTIFIER = com.sesac.BookWorm;
				PRODUCT_NAME = "$(TARGET_NAME)";
				SUPPORTED_PLATFORMS = "iphoneos iphonesimulator";
				SUPPORTS_MACCATALYST = NO;
				SUPPORTS_MAC_DESIGNED_FOR_IPHONE_IPAD = NO;
				SWIFT_EMIT_LOC_STRINGS = YES;
				SWIFT_VERSION = 5.0;
				TARGETED_DEVICE_FAMILY = 1;
			};
			name = Release;
		};
/* End XCBuildConfiguration section */

/* Begin XCConfigurationList section */
		F776FEA52A7799B10065ACEB /* Build configuration list for PBXProject "BookWorm" */ = {
			isa = XCConfigurationList;
			buildConfigurations = (
				F776FEBC2A7799B20065ACEB /* Debug */,
				F776FEBD2A7799B20065ACEB /* Release */,
			);
			defaultConfigurationIsVisible = 0;
			defaultConfigurationName = Release;
		};
		F776FEBE2A7799B20065ACEB /* Build configuration list for PBXNativeTarget "BookWorm" */ = {
			isa = XCConfigurationList;
			buildConfigurations = (
				F776FEBF2A7799B20065ACEB /* Debug */,
				F776FEC02A7799B20065ACEB /* Release */,
			);
			defaultConfigurationIsVisible = 0;
			defaultConfigurationName = Release;
		};
/* End XCConfigurationList section */
	};
	rootObject = F776FEA22A7799B10065ACEB /* Project object */;
}
